// !$*UTF8*$!
{
	archiveVersion = 1;
	classes = {
	};
	objectVersion = 46;
	objects = {

/* Begin PBXBuildFile section */
		017F84499F348651B4CAD515 /* phasorClass.cpp in Sources */ = {isa = PBXBuildFile; fileRef = C72E12C876E23B53255D0ED9 /* phasorClass.cpp */; };
		1C36947250DCB09A8A375C0C /* ofxXmlPoco.cpp in Sources */ = {isa = PBXBuildFile; fileRef = E9998694E5001F9CF0B13BF0 /* ofxXmlPoco.cpp */; };
		201715816A8E0C2380C6CA9B /* oscillator.cpp in Sources */ = {isa = PBXBuildFile; fileRef = CEA66632C11B098EDB32207D /* oscillator.cpp */; };
		4A277DA746402C76CE307770 /* ofxDatGuiComponent.cpp in Sources */ = {isa = PBXBuildFile; fileRef = 5D13EE4C64902574D9153447 /* ofxDatGuiComponent.cpp */; };
		4C8024D8DD46223D43C514C0 /* ofxOceanodeNode.cpp in Sources */ = {isa = PBXBuildFile; fileRef = 63A44DC38599839305F1F4D3 /* ofxOceanodeNode.cpp */; };
		4F63EFF3BAACF2B19051E336 /* ofxOceanodeNodeModel.cpp in Sources */ = {isa = PBXBuildFile; fileRef = 18902594A5884CA5CA6D3D9D /* ofxOceanodeNodeModel.cpp */; };
		5769B6A6D79188D3D351933E /* ofxOceanodeContainer.cpp in Sources */ = {isa = PBXBuildFile; fileRef = 5E65A0C39A6FDCA2888DDAF8 /* ofxOceanodeContainer.cpp */; };
		646DF4D56CE728133610A7F6 /* ofxSmartFont.cpp in Sources */ = {isa = PBXBuildFile; fileRef = A403D3D25D08FC7AF3B871D4 /* ofxSmartFont.cpp */; };
		656E7EDB27697DE1D6419CD2 /* baseOscillator.cpp in Sources */ = {isa = PBXBuildFile; fileRef = 21F7AAAF4B49DDFC26309F29 /* baseOscillator.cpp */; };
		88B25E219BAC2DF5129EBA2C /* oscillatorBank.cpp in Sources */ = {isa = PBXBuildFile; fileRef = 01ACCF35B06321B6B9C3E940 /* oscillatorBank.cpp */; };
		8EB5677652296BACF3A1C184 /* ofxOceanodeNodeGui.cpp in Sources */ = {isa = PBXBuildFile; fileRef = 170083BFE7EEC5851D5DF9E6 /* ofxOceanodeNodeGui.cpp */; };
		A670837F6999677674A385D1 /* testNode.cpp in Sources */ = {isa = PBXBuildFile; fileRef = 1C84792B71D7D5C105077DBF /* testNode.cpp */; };
		B008F8AE205C328B00DC510F /* ofxOceanodeBaseController.cpp in Sources */ = {isa = PBXBuildFile; fileRef = B008F8A6205C328B00DC510F /* ofxOceanodeBaseController.cpp */; };
		B008F8AF205C328B00DC510F /* ofxOceanodeBPMController.cpp in Sources */ = {isa = PBXBuildFile; fileRef = B008F8A8205C328B00DC510F /* ofxOceanodeBPMController.cpp */; };
		B008F8B0205C328B00DC510F /* ofxOceanodeControls.cpp in Sources */ = {isa = PBXBuildFile; fileRef = B008F8AA205C328B00DC510F /* ofxOceanodeControls.cpp */; };
		B008F8B1205C328B00DC510F /* ofxOceanodePresetsController.cpp in Sources */ = {isa = PBXBuildFile; fileRef = B008F8AC205C328B00DC510F /* ofxOceanodePresetsController.cpp */; };
		B05852BD20599D1500BE774D /* VideoGrabberPS3EyeNodeBased.cpp in Sources */ = {isa = PBXBuildFile; fileRef = B05852BB20599D1500BE774D /* VideoGrabberPS3EyeNodeBased.cpp */; };
		B05852C520599F7900BE774D /* ps3eye.cpp in Sources */ = {isa = PBXBuildFile; fileRef = B05852C120599F7900BE774D /* ps3eye.cpp */; };
		B05852C620599F7900BE774D /* ps3eye_capi.cpp in Sources */ = {isa = PBXBuildFile; fileRef = B05852C320599F7900BE774D /* ps3eye_capi.cpp */; };
		B05852CC2059AEA800BE774D /* LooperFilter.cpp in Sources */ = {isa = PBXBuildFile; fileRef = B05852CA2059AEA800BE774D /* LooperFilter.cpp */; };
		B0BE82D9205041D200BF57C7 /* Buffer.cpp in Sources */ = {isa = PBXBuildFile; fileRef = B0BE82A6205041D200BF57C7 /* Buffer.cpp */; };
		B0BE82DE205041D200BF57C7 /* LumaFilterNodeBased.cpp in Sources */ = {isa = PBXBuildFile; fileRef = B0BE82B1205041D200BF57C7 /* LumaFilterNodeBased.cpp */; };
		B0BE82E0205041D200BF57C7 /* VideoFilter.cpp in Sources */ = {isa = PBXBuildFile; fileRef = B0BE82B5205041D200BF57C7 /* VideoFilter.cpp */; };
		B0BE82E1205041D200BF57C7 /* Frame.cpp in Sources */ = {isa = PBXBuildFile; fileRef = B0BE82B8205041D200BF57C7 /* Frame.cpp */; };
		B0BE82E2205041D200BF57C7 /* VideoFrame.cpp in Sources */ = {isa = PBXBuildFile; fileRef = B0BE82BA205041D200BF57C7 /* VideoFrame.cpp */; };
		B0BE82E3205041D200BF57C7 /* VideoGrabberNodeBased.cpp in Sources */ = {isa = PBXBuildFile; fileRef = B0BE82BD205041D200BF57C7 /* VideoGrabberNodeBased.cpp */; };
		B0BE82E4205041D200BF57C7 /* VideoSink.cpp in Sources */ = {isa = PBXBuildFile; fileRef = B0BE82C1205041D200BF57C7 /* VideoSink.cpp */; };
		B0BE82E5205041D200BF57C7 /* VideoSource.cpp in Sources */ = {isa = PBXBuildFile; fileRef = B0BE82C3205041D200BF57C7 /* VideoSource.cpp */; };
		B0BE82E6205041D200BF57C7 /* VideoRendererNodeBased.cpp in Sources */ = {isa = PBXBuildFile; fileRef = B0BE82C6205041D200BF57C7 /* VideoRendererNodeBased.cpp */; };
		B0BE82E7205041D200BF57C7 /* ofxObjCPointer.cpp in Sources */ = {isa = PBXBuildFile; fileRef = B0BE82D5205041D200BF57C7 /* ofxObjCPointer.cpp */; };
		B0BE82EA2050422600BF57C7 /* VideoBufferNodeBased.cpp in Sources */ = {isa = PBXBuildFile; fileRef = B0BE82E82050422600BF57C7 /* VideoBufferNodeBased.cpp */; };
		B0ED0EAF20504AF10067E155 /* VideoHeaderNodeBased.cpp in Sources */ = {isa = PBXBuildFile; fileRef = B0ED0EAD20504AF10067E155 /* VideoHeaderNodeBased.cpp */; };
		B0ED0EB220505B210067E155 /* ranger.cpp in Sources */ = {isa = PBXBuildFile; fileRef = B0ED0EB020505B210067E155 /* ranger.cpp */; };
		B0ED0EB520506C080067E155 /* FeedbackFilterNodeBased.cpp in Sources */ = {isa = PBXBuildFile; fileRef = B0ED0EB320506C080067E155 /* FeedbackFilterNodeBased.cpp */; };
		B0ED0EBB20509BCE0067E155 /* MultixFilter.cpp in Sources */ = {isa = PBXBuildFile; fileRef = B0ED0EB920509BCE0067E155 /* MultixFilter.cpp */; };
		B7559FEE382DBA7FB094D5E7 /* ofxOceanodeNodeRegistry.cpp in Sources */ = {isa = PBXBuildFile; fileRef = F15C9896F6A32FCA280CD4B5 /* ofxOceanodeNodeRegistry.cpp */; };
		BE7DAF3CB982C2BD0FE44648 /* ofxDatGui.cpp in Sources */ = {isa = PBXBuildFile; fileRef = DD8F81F7AAB5BA396231DD4C /* ofxDatGui.cpp */; };
		C1EEF98E795AFB7BB33F94B1 /* ofxOceanodeConnectionGraphics.cpp in Sources */ = {isa = PBXBuildFile; fileRef = 76AFF92A62D8AF4E498DB5C3 /* ofxOceanodeConnectionGraphics.cpp */; };
		C6A203560BFBDA04C5746210 /* ofxOceanodeConnection.cpp in Sources */ = {isa = PBXBuildFile; fileRef = 7C9B84BA3AF325F3D843633B /* ofxOceanodeConnection.cpp */; };
		E4328149138ABC9F0047C5CB /* openFrameworksDebug.a in Frameworks */ = {isa = PBXBuildFile; fileRef = E4328148138ABC890047C5CB /* openFrameworksDebug.a */; };
		E4B69E200A3A1BDC003C02F2 /* main.cpp in Sources */ = {isa = PBXBuildFile; fileRef = E4B69E1D0A3A1BDC003C02F2 /* main.cpp */; };
		E4B69E210A3A1BDC003C02F2 /* ofApp.cpp in Sources */ = {isa = PBXBuildFile; fileRef = E4B69E1E0A3A1BDC003C02F2 /* ofApp.cpp */; };
		EB5B77357A54C0E2DED32C3E /* baseIndexer.cpp in Sources */ = {isa = PBXBuildFile; fileRef = 9379E6001D7EB3C9ED6E3741 /* baseIndexer.cpp */; };
		F11E47B208E163D56E3E2701 /* mapper.cpp in Sources */ = {isa = PBXBuildFile; fileRef = 73ED5407785A82B2D86C90D2 /* mapper.cpp */; };
		FE7602E65C7BA676951A37FB /* ofxOceanodeCanvas.cpp in Sources */ = {isa = PBXBuildFile; fileRef = 69F09B1450CB3FF08A87D2FF /* ofxOceanodeCanvas.cpp */; };
/* End PBXBuildFile section */

/* Begin PBXContainerItemProxy section */
		E4328147138ABC890047C5CB /* PBXContainerItemProxy */ = {
			isa = PBXContainerItemProxy;
			containerPortal = E4328143138ABC890047C5CB /* openFrameworksLib.xcodeproj */;
			proxyType = 2;
			remoteGlobalIDString = E4B27C1510CBEB8E00536013;
			remoteInfo = openFrameworks;
		};
		E4EEB9AB138B136A00A80321 /* PBXContainerItemProxy */ = {
			isa = PBXContainerItemProxy;
			containerPortal = E4328143138ABC890047C5CB /* openFrameworksLib.xcodeproj */;
			proxyType = 1;
			remoteGlobalIDString = E4B27C1410CBEB8E00536013;
			remoteInfo = openFrameworks;
		};
/* End PBXContainerItemProxy section */

/* Begin PBXCopyFilesBuildPhase section */
		E4C2427710CC5ABF004149E2 /* CopyFiles */ = {
			isa = PBXCopyFilesBuildPhase;
			buildActionMask = 2147483647;
			dstPath = "";
			dstSubfolderSpec = 10;
			files = (
			);
			runOnlyForDeploymentPostprocessing = 0;
		};
/* End PBXCopyFilesBuildPhase section */

/* Begin PBXFileReference section */
		01ACCF35B06321B6B9C3E940 /* oscillatorBank.cpp */ = {isa = PBXFileReference; explicitFileType = sourcecode.cpp.cpp; fileEncoding = 30; name = oscillatorBank.cpp; path = ../../../addons/ofxOceanode/src/Nodes/Default_Nodes/oscillatorBank.cpp; sourceTree = SOURCE_ROOT; };
		0795F21A2022A202F628BE94 /* ofxDatGuiColorPicker.h */ = {isa = PBXFileReference; explicitFileType = sourcecode.c.h; fileEncoding = 30; name = ofxDatGuiColorPicker.h; path = ../../../addons/ofxDatGui_PM/src/components/ofxDatGuiColorPicker.h; sourceTree = SOURCE_ROOT; };
		0B132B67A85D7B39FD97C7CA /* phasorClass.h */ = {isa = PBXFileReference; explicitFileType = sourcecode.c.h; fileEncoding = 30; name = phasorClass.h; path = ../../../addons/ofxOceanode/src/Nodes/Default_Nodes/phasorClass.h; sourceTree = SOURCE_ROOT; };
		0B26945A52EE3207EE20D083 /* buffer.h */ = {isa = PBXFileReference; explicitFileType = sourcecode.c.h; fileEncoding = 30; name = buffer.h; path = ../../../addons/ofxPoco/libs/openssl/include/openssl/buffer.h; sourceTree = SOURCE_ROOT; };
		0EA01AA404A74EE4BF1F46AD /* ofxDatGuiTheme.h */ = {isa = PBXFileReference; explicitFileType = sourcecode.c.h; fileEncoding = 30; name = ofxDatGuiTheme.h; path = ../../../addons/ofxDatGui_PM/src/themes/ofxDatGuiTheme.h; sourceTree = SOURCE_ROOT; };
		0ED9E7E17E11365C9F07BC90 /* symhacks.h */ = {isa = PBXFileReference; explicitFileType = sourcecode.c.h; fileEncoding = 30; name = symhacks.h; path = ../../../addons/ofxPoco/libs/openssl/include/openssl/symhacks.h; sourceTree = SOURCE_ROOT; };
		101E00135DD5F4A88AA3119E /* rc2.h */ = {isa = PBXFileReference; explicitFileType = sourcecode.c.h; fileEncoding = 30; name = rc2.h; path = ../../../addons/ofxPoco/libs/openssl/include/openssl/rc2.h; sourceTree = SOURCE_ROOT; };
		11021811865108C49AED9E1E /* ofxDatGuiScrollView.h */ = {isa = PBXFileReference; explicitFileType = sourcecode.c.h; fileEncoding = 30; name = ofxDatGuiScrollView.h; path = ../../../addons/ofxDatGui_PM/src/components/ofxDatGuiScrollView.h; sourceTree = SOURCE_ROOT; };
		149298D896FDA631EE81BEB9 /* ofxDatGuiSlider.h */ = {isa = PBXFileReference; explicitFileType = sourcecode.c.h; fileEncoding = 30; name = ofxDatGuiSlider.h; path = ../../../addons/ofxDatGui_PM/src/components/ofxDatGuiSlider.h; sourceTree = SOURCE_ROOT; };
		169D713735D46DFA03D4EBEB /* ofxDatGuiConstants.h */ = {isa = PBXFileReference; explicitFileType = sourcecode.c.h; fileEncoding = 30; name = ofxDatGuiConstants.h; path = ../../../addons/ofxDatGui_PM/src/core/ofxDatGuiConstants.h; sourceTree = SOURCE_ROOT; };
		16D8E1844A44453A0C287E72 /* ssl.h */ = {isa = PBXFileReference; explicitFileType = sourcecode.c.h; fileEncoding = 30; name = ssl.h; path = ../../../addons/ofxPoco/libs/openssl/include/openssl/ssl.h; sourceTree = SOURCE_ROOT; };
		17006150745E007FA32014F5 /* modes.h */ = {isa = PBXFileReference; explicitFileType = sourcecode.c.h; fileEncoding = 30; name = modes.h; path = ../../../addons/ofxPoco/libs/openssl/include/openssl/modes.h; sourceTree = SOURCE_ROOT; };
		170083BFE7EEC5851D5DF9E6 /* ofxOceanodeNodeGui.cpp */ = {isa = PBXFileReference; explicitFileType = sourcecode.cpp.cpp; fileEncoding = 30; name = ofxOceanodeNodeGui.cpp; path = ../../../addons/ofxOceanode/src/Nodes/ofxOceanodeNodeGui.cpp; sourceTree = SOURCE_ROOT; };
		18902594A5884CA5CA6D3D9D /* ofxOceanodeNodeModel.cpp */ = {isa = PBXFileReference; explicitFileType = sourcecode.cpp.cpp; fileEncoding = 30; name = ofxOceanodeNodeModel.cpp; path = ../../../addons/ofxOceanode/src/Nodes/ofxOceanodeNodeModel.cpp; sourceTree = SOURCE_ROOT; };
		1AEDCF9A6D7A9C81A1FFFB82 /* cmac.h */ = {isa = PBXFileReference; explicitFileType = sourcecode.c.h; fileEncoding = 30; name = cmac.h; path = ../../../addons/ofxPoco/libs/openssl/include/openssl/cmac.h; sourceTree = SOURCE_ROOT; };
		1C0972A2A90100E10C49938E /* rsa.h */ = {isa = PBXFileReference; explicitFileType = sourcecode.c.h; fileEncoding = 30; name = rsa.h; path = ../../../addons/ofxPoco/libs/openssl/include/openssl/rsa.h; sourceTree = SOURCE_ROOT; };
		1C84792B71D7D5C105077DBF /* testNode.cpp */ = {isa = PBXFileReference; explicitFileType = sourcecode.cpp.cpp; fileEncoding = 30; name = testNode.cpp; path = src/testNode.cpp; sourceTree = SOURCE_ROOT; };
		1D548216CC2978215BFDAC85 /* engine.h */ = {isa = PBXFileReference; explicitFileType = sourcecode.c.h; fileEncoding = 30; name = engine.h; path = ../../../addons/ofxPoco/libs/openssl/include/openssl/engine.h; sourceTree = SOURCE_ROOT; };
		21F7AAAF4B49DDFC26309F29 /* baseOscillator.cpp */ = {isa = PBXFileReference; explicitFileType = sourcecode.cpp.cpp; fileEncoding = 30; name = baseOscillator.cpp; path = ../../../addons/ofxOceanode/src/Nodes/Default_Nodes/baseOscillator.cpp; sourceTree = SOURCE_ROOT; };
		26FD7792D0FC0533A46C4B0D /* comp.h */ = {isa = PBXFileReference; explicitFileType = sourcecode.c.h; fileEncoding = 30; name = comp.h; path = ../../../addons/ofxPoco/libs/openssl/include/openssl/comp.h; sourceTree = SOURCE_ROOT; };
		29030CD02944F06F1DAC3E49 /* ofxDatGuiTextInput.h */ = {isa = PBXFileReference; explicitFileType = sourcecode.c.h; fileEncoding = 30; name = ofxDatGuiTextInput.h; path = ../../../addons/ofxDatGui_PM/src/components/ofxDatGuiTextInput.h; sourceTree = SOURCE_ROOT; };
		2A20F45E8472AF83015D687B /* ec.h */ = {isa = PBXFileReference; explicitFileType = sourcecode.c.h; fileEncoding = 30; name = ec.h; path = ../../../addons/ofxPoco/libs/openssl/include/openssl/ec.h; sourceTree = SOURCE_ROOT; };
		2A8E6EE70DD635A657EEEC99 /* x509v3.h */ = {isa = PBXFileReference; explicitFileType = sourcecode.c.h; fileEncoding = 30; name = x509v3.h; path = ../../../addons/ofxPoco/libs/openssl/include/openssl/x509v3.h; sourceTree = SOURCE_ROOT; };
		3196BB02FD710583AD1E8682 /* opensslconf_osx.h */ = {isa = PBXFileReference; explicitFileType = sourcecode.c.h; fileEncoding = 30; name = opensslconf_osx.h; path = ../../../addons/ofxPoco/libs/openssl/include/openssl/opensslconf_osx.h; sourceTree = SOURCE_ROOT; };
		321405D94F972ACB74C5D008 /* kssl.h */ = {isa = PBXFileReference; explicitFileType = sourcecode.c.h; fileEncoding = 30; name = kssl.h; path = ../../../addons/ofxPoco/libs/openssl/include/openssl/kssl.h; sourceTree = SOURCE_ROOT; };
		355218D9B12A28AD4F099029 /* txt_db.h */ = {isa = PBXFileReference; explicitFileType = sourcecode.c.h; fileEncoding = 30; name = txt_db.h; path = ../../../addons/ofxPoco/libs/openssl/include/openssl/txt_db.h; sourceTree = SOURCE_ROOT; };
		37A00AAE55CA7B437073B0C9 /* bio.h */ = {isa = PBXFileReference; explicitFileType = sourcecode.c.h; fileEncoding = 30; name = bio.h; path = ../../../addons/ofxPoco/libs/openssl/include/openssl/bio.h; sourceTree = SOURCE_ROOT; };
		3F15C4313830F7C3C28E1FAE /* ofxDatGuiTextInputField.h */ = {isa = PBXFileReference; explicitFileType = sourcecode.c.h; fileEncoding = 30; name = ofxDatGuiTextInputField.h; path = ../../../addons/ofxDatGui_PM/src/components/ofxDatGuiTextInputField.h; sourceTree = SOURCE_ROOT; };
		3F9F5D5E3A4CDE45682F38E2 /* sha.h */ = {isa = PBXFileReference; explicitFileType = sourcecode.c.h; fileEncoding = 30; name = sha.h; path = ../../../addons/ofxPoco/libs/openssl/include/openssl/sha.h; sourceTree = SOURCE_ROOT; };
		3FED4C887C37A3FD70D004E8 /* ui.h */ = {isa = PBXFileReference; explicitFileType = sourcecode.c.h; fileEncoding = 30; name = ui.h; path = ../../../addons/ofxPoco/libs/openssl/include/openssl/ui.h; sourceTree = SOURCE_ROOT; };
		407D7F7B6D3EDF97638DF661 /* ofxDatGuiEvents.h */ = {isa = PBXFileReference; explicitFileType = sourcecode.c.h; fileEncoding = 30; name = ofxDatGuiEvents.h; path = ../../../addons/ofxDatGui_PM/src/core/ofxDatGuiEvents.h; sourceTree = SOURCE_ROOT; };
		40F8AFFCAB8F69A35DA9FD2A /* ssl3.h */ = {isa = PBXFileReference; explicitFileType = sourcecode.c.h; fileEncoding = 30; name = ssl3.h; path = ../../../addons/ofxPoco/libs/openssl/include/openssl/ssl3.h; sourceTree = SOURCE_ROOT; };
		4125F54D00872CF51FE7A1BE /* krb5_asn.h */ = {isa = PBXFileReference; explicitFileType = sourcecode.c.h; fileEncoding = 30; name = krb5_asn.h; path = ../../../addons/ofxPoco/libs/openssl/include/openssl/krb5_asn.h; sourceTree = SOURCE_ROOT; };
		4131D8A2E720D1116977851A /* dso.h */ = {isa = PBXFileReference; explicitFileType = sourcecode.c.h; fileEncoding = 30; name = dso.h; path = ../../../addons/ofxPoco/libs/openssl/include/openssl/dso.h; sourceTree = SOURCE_ROOT; };
		413E48C985AFC06586413FB9 /* pkcs7.h */ = {isa = PBXFileReference; explicitFileType = sourcecode.c.h; fileEncoding = 30; name = pkcs7.h; path = ../../../addons/ofxPoco/libs/openssl/include/openssl/pkcs7.h; sourceTree = SOURCE_ROOT; };
		4549BA17D5F8FD6756221A74 /* baseOscillator.h */ = {isa = PBXFileReference; explicitFileType = sourcecode.c.h; fileEncoding = 30; name = baseOscillator.h; path = ../../../addons/ofxOceanode/src/Nodes/Default_Nodes/baseOscillator.h; sourceTree = SOURCE_ROOT; };
		4882CC26D63610292CFADBE9 /* cms.h */ = {isa = PBXFileReference; explicitFileType = sourcecode.c.h; fileEncoding = 30; name = cms.h; path = ../../../addons/ofxPoco/libs/openssl/include/openssl/cms.h; sourceTree = SOURCE_ROOT; };
		490DE03DA72EE341B37B4BBB /* conf_api.h */ = {isa = PBXFileReference; explicitFileType = sourcecode.c.h; fileEncoding = 30; name = conf_api.h; path = ../../../addons/ofxPoco/libs/openssl/include/openssl/conf_api.h; sourceTree = SOURCE_ROOT; };
		4A76FE1EC14329064FDB60C7 /* ofxOceanodeNodeRegistry.h */ = {isa = PBXFileReference; explicitFileType = sourcecode.c.h; fileEncoding = 30; name = ofxOceanodeNodeRegistry.h; path = ../../../addons/ofxOceanode/src/Managers/ofxOceanodeNodeRegistry.h; sourceTree = SOURCE_ROOT; };
		4A941E617512F1E87E294653 /* x509_vfy.h */ = {isa = PBXFileReference; explicitFileType = sourcecode.c.h; fileEncoding = 30; name = x509_vfy.h; path = ../../../addons/ofxPoco/libs/openssl/include/openssl/x509_vfy.h; sourceTree = SOURCE_ROOT; };
		4BF97AC133A743F7D2E222B6 /* bn.h */ = {isa = PBXFileReference; explicitFileType = sourcecode.c.h; fileEncoding = 30; name = bn.h; path = ../../../addons/ofxPoco/libs/openssl/include/openssl/bn.h; sourceTree = SOURCE_ROOT; };
		4D832D586223B608C5420D29 /* ofxDatGui.h */ = {isa = PBXFileReference; explicitFileType = sourcecode.c.h; fileEncoding = 30; name = ofxDatGui.h; path = ../../../addons/ofxDatGui_PM/src/ofxDatGui.h; sourceTree = SOURCE_ROOT; };
		542B8A9AF130D0C5A3086539 /* ofxOceanodeConnectionGraphics.h */ = {isa = PBXFileReference; explicitFileType = sourcecode.c.h; fileEncoding = 30; name = ofxOceanodeConnectionGraphics.h; path = ../../../addons/ofxOceanode/src/Connections/ofxOceanodeConnectionGraphics.h; sourceTree = SOURCE_ROOT; };
		56DAF0A34EFCF5E2A5E60386 /* rand.h */ = {isa = PBXFileReference; explicitFileType = sourcecode.c.h; fileEncoding = 30; name = rand.h; path = ../../../addons/ofxPoco/libs/openssl/include/openssl/rand.h; sourceTree = SOURCE_ROOT; };
		5749F2535EC575188CD8B7EA /* md5.h */ = {isa = PBXFileReference; explicitFileType = sourcecode.c.h; fileEncoding = 30; name = md5.h; path = ../../../addons/ofxPoco/libs/openssl/include/openssl/md5.h; sourceTree = SOURCE_ROOT; };
		5CAABABC5D465FF3E4FDBAA0 /* ssl2.h */ = {isa = PBXFileReference; explicitFileType = sourcecode.c.h; fileEncoding = 30; name = ssl2.h; path = ../../../addons/ofxPoco/libs/openssl/include/openssl/ssl2.h; sourceTree = SOURCE_ROOT; };
		5D05C2B0CBAFC3F9F2F693AF /* tls1.h */ = {isa = PBXFileReference; explicitFileType = sourcecode.c.h; fileEncoding = 30; name = tls1.h; path = ../../../addons/ofxPoco/libs/openssl/include/openssl/tls1.h; sourceTree = SOURCE_ROOT; };
		5D13EE4C64902574D9153447 /* ofxDatGuiComponent.cpp */ = {isa = PBXFileReference; explicitFileType = sourcecode.cpp.cpp; fileEncoding = 30; name = ofxDatGuiComponent.cpp; path = ../../../addons/ofxDatGui_PM/src/core/ofxDatGuiComponent.cpp; sourceTree = SOURCE_ROOT; };
		5E65A0C39A6FDCA2888DDAF8 /* ofxOceanodeContainer.cpp */ = {isa = PBXFileReference; explicitFileType = sourcecode.cpp.cpp; fileEncoding = 30; name = ofxOceanodeContainer.cpp; path = ../../../addons/ofxOceanode/src/Managers/ofxOceanodeContainer.cpp; sourceTree = SOURCE_ROOT; };
		60A061F8C47B5624AE6C450E /* defaultNodes.h */ = {isa = PBXFileReference; explicitFileType = sourcecode.c.h; fileEncoding = 30; name = defaultNodes.h; path = ../../../addons/ofxOceanode/src/Nodes/Default_Nodes/defaultNodes.h; sourceTree = SOURCE_ROOT; };
		61A673E0354F5DD23699802A /* ebcdic.h */ = {isa = PBXFileReference; explicitFileType = sourcecode.c.h; fileEncoding = 30; name = ebcdic.h; path = ../../../addons/ofxPoco/libs/openssl/include/openssl/ebcdic.h; sourceTree = SOURCE_ROOT; };
		61CC1A2E0CC17BE6CE4A68F7 /* conf.h */ = {isa = PBXFileReference; explicitFileType = sourcecode.c.h; fileEncoding = 30; name = conf.h; path = ../../../addons/ofxPoco/libs/openssl/include/openssl/conf.h; sourceTree = SOURCE_ROOT; };
		63A44DC38599839305F1F4D3 /* ofxOceanodeNode.cpp */ = {isa = PBXFileReference; explicitFileType = sourcecode.cpp.cpp; fileEncoding = 30; name = ofxOceanodeNode.cpp; path = ../../../addons/ofxOceanode/src/Nodes/ofxOceanodeNode.cpp; sourceTree = SOURCE_ROOT; };
		64D45D3FC56C30943AC64D5E /* aes.h */ = {isa = PBXFileReference; explicitFileType = sourcecode.c.h; fileEncoding = 30; name = aes.h; path = ../../../addons/ofxPoco/libs/openssl/include/openssl/aes.h; sourceTree = SOURCE_ROOT; };
		656EE12F1A05CB4841731C77 /* ofxOceanodeConnection.h */ = {isa = PBXFileReference; explicitFileType = sourcecode.c.h; fileEncoding = 30; name = ofxOceanodeConnection.h; path = ../../../addons/ofxOceanode/src/Connections/ofxOceanodeConnection.h; sourceTree = SOURCE_ROOT; };
		66EA895B37DCE5C380F747F2 /* pqueue.h */ = {isa = PBXFileReference; explicitFileType = sourcecode.c.h; fileEncoding = 30; name = pqueue.h; path = ../../../addons/ofxPoco/libs/openssl/include/openssl/pqueue.h; sourceTree = SOURCE_ROOT; };
		67AD080A2A62A398BC832D7A /* evp.h */ = {isa = PBXFileReference; explicitFileType = sourcecode.c.h; fileEncoding = 30; name = evp.h; path = ../../../addons/ofxPoco/libs/openssl/include/openssl/evp.h; sourceTree = SOURCE_ROOT; };
		698855D874920D7A53525854 /* ofxDatGuiGroups.h */ = {isa = PBXFileReference; explicitFileType = sourcecode.c.h; fileEncoding = 30; name = ofxDatGuiGroups.h; path = ../../../addons/ofxDatGui_PM/src/components/ofxDatGuiGroups.h; sourceTree = SOURCE_ROOT; };
		69F09B1450CB3FF08A87D2FF /* ofxOceanodeCanvas.cpp */ = {isa = PBXFileReference; explicitFileType = sourcecode.cpp.cpp; fileEncoding = 30; name = ofxOceanodeCanvas.cpp; path = ../../../addons/ofxOceanode/src/Managers/ofxOceanodeCanvas.cpp; sourceTree = SOURCE_ROOT; };
		6B4197F8EF581E2F00041258 /* hmac.h */ = {isa = PBXFileReference; explicitFileType = sourcecode.c.h; fileEncoding = 30; name = hmac.h; path = ../../../addons/ofxPoco/libs/openssl/include/openssl/hmac.h; sourceTree = SOURCE_ROOT; };
		6FAF79F4AD0DC48C239A0E3E /* idea.h */ = {isa = PBXFileReference; explicitFileType = sourcecode.c.h; fileEncoding = 30; name = idea.h; path = ../../../addons/ofxPoco/libs/openssl/include/openssl/idea.h; sourceTree = SOURCE_ROOT; };
		7200EB1EC64977ED08AC0111 /* ofxXmlPoco.h */ = {isa = PBXFileReference; explicitFileType = sourcecode.c.h; fileEncoding = 30; name = ofxXmlPoco.h; path = ../../../addons/ofxPoco/src/ofxXmlPoco.h; sourceTree = SOURCE_ROOT; };
		73ED5407785A82B2D86C90D2 /* mapper.cpp */ = {isa = PBXFileReference; explicitFileType = sourcecode.cpp.cpp; fileEncoding = 30; name = mapper.cpp; path = ../../../addons/ofxOceanode/src/Nodes/Default_Nodes/mapper.cpp; sourceTree = SOURCE_ROOT; };
		76AFF92A62D8AF4E498DB5C3 /* ofxOceanodeConnectionGraphics.cpp */ = {isa = PBXFileReference; explicitFileType = sourcecode.cpp.cpp; fileEncoding = 30; name = ofxOceanodeConnectionGraphics.cpp; path = ../../../addons/ofxOceanode/src/Connections/ofxOceanodeConnectionGraphics.cpp; sourceTree = SOURCE_ROOT; };
		771877A40D55CB5D6C1969C4 /* ofxDatGuiButton.h */ = {isa = PBXFileReference; explicitFileType = sourcecode.c.h; fileEncoding = 30; name = ofxDatGuiButton.h; path = ../../../addons/ofxDatGui_PM/src/components/ofxDatGuiButton.h; sourceTree = SOURCE_ROOT; };
		773AA38F169F9C1E793528DC /* lhash.h */ = {isa = PBXFileReference; explicitFileType = sourcecode.c.h; fileEncoding = 30; name = lhash.h; path = ../../../addons/ofxPoco/libs/openssl/include/openssl/lhash.h; sourceTree = SOURCE_ROOT; };
		7839463FADC4E27D1C66C5FB /* ofxOceanodeNode.h */ = {isa = PBXFileReference; explicitFileType = sourcecode.c.h; fileEncoding = 30; name = ofxOceanodeNode.h; path = ../../../addons/ofxOceanode/src/Nodes/ofxOceanodeNode.h; sourceTree = SOURCE_ROOT; };
		7A6C877B8EC4F7438DED9FB4 /* ecdh.h */ = {isa = PBXFileReference; explicitFileType = sourcecode.c.h; fileEncoding = 30; name = ecdh.h; path = ../../../addons/ofxPoco/libs/openssl/include/openssl/ecdh.h; sourceTree = SOURCE_ROOT; };
		7C9B84BA3AF325F3D843633B /* ofxOceanodeConnection.cpp */ = {isa = PBXFileReference; explicitFileType = sourcecode.cpp.cpp; fileEncoding = 30; name = ofxOceanodeConnection.cpp; path = ../../../addons/ofxOceanode/src/Connections/ofxOceanodeConnection.cpp; sourceTree = SOURCE_ROOT; };
		7D3A8C6EA022F43F7B57C119 /* pkcs12.h */ = {isa = PBXFileReference; explicitFileType = sourcecode.c.h; fileEncoding = 30; name = pkcs12.h; path = ../../../addons/ofxPoco/libs/openssl/include/openssl/pkcs12.h; sourceTree = SOURCE_ROOT; };
		86F00AF8B1543076FA133A82 /* ofxOceanode.h */ = {isa = PBXFileReference; explicitFileType = sourcecode.c.h; fileEncoding = 30; name = ofxOceanode.h; path = ../../../addons/ofxOceanode/src/ofxOceanode.h; sourceTree = SOURCE_ROOT; };
		8A1254FD4FD7284078EEE55E /* x509.h */ = {isa = PBXFileReference; explicitFileType = sourcecode.c.h; fileEncoding = 30; name = x509.h; path = ../../../addons/ofxPoco/libs/openssl/include/openssl/x509.h; sourceTree = SOURCE_ROOT; };
		8B1E1E0F1F7DF006BF6F4E80 /* dsa.h */ = {isa = PBXFileReference; explicitFileType = sourcecode.c.h; fileEncoding = 30; name = dsa.h; path = ../../../addons/ofxPoco/libs/openssl/include/openssl/dsa.h; sourceTree = SOURCE_ROOT; };
		8E922B504254FF844AF5505A /* ofxDatGuiIntObject.h */ = {isa = PBXFileReference; explicitFileType = sourcecode.c.h; fileEncoding = 30; name = ofxDatGuiIntObject.h; path = ../../../addons/ofxDatGui_PM/src/core/ofxDatGuiIntObject.h; sourceTree = SOURCE_ROOT; };
		92007C97134ED347908EA736 /* ofxDatGuiMatrix.h */ = {isa = PBXFileReference; explicitFileType = sourcecode.c.h; fileEncoding = 30; name = ofxDatGuiMatrix.h; path = ../../../addons/ofxDatGui_PM/src/components/ofxDatGuiMatrix.h; sourceTree = SOURCE_ROOT; };
		92DCDDA927483519F8C33033 /* ssl23.h */ = {isa = PBXFileReference; explicitFileType = sourcecode.c.h; fileEncoding = 30; name = ssl23.h; path = ../../../addons/ofxPoco/libs/openssl/include/openssl/ssl23.h; sourceTree = SOURCE_ROOT; };
		9379E6001D7EB3C9ED6E3741 /* baseIndexer.cpp */ = {isa = PBXFileReference; explicitFileType = sourcecode.cpp.cpp; fileEncoding = 30; name = baseIndexer.cpp; path = ../../../addons/ofxOceanode/src/Nodes/Default_Nodes/baseIndexer.cpp; sourceTree = SOURCE_ROOT; };
		98B916CABFC10AC9836EB352 /* cast.h */ = {isa = PBXFileReference; explicitFileType = sourcecode.c.h; fileEncoding = 30; name = cast.h; path = ../../../addons/ofxPoco/libs/openssl/include/openssl/cast.h; sourceTree = SOURCE_ROOT; };
		9A00A37CC5D4BF1FD1883438 /* pem2.h */ = {isa = PBXFileReference; explicitFileType = sourcecode.c.h; fileEncoding = 30; name = pem2.h; path = ../../../addons/ofxPoco/libs/openssl/include/openssl/pem2.h; sourceTree = SOURCE_ROOT; };
		9BD24C7C1FE56E6ADD52C42D /* ui_compat.h */ = {isa = PBXFileReference; explicitFileType = sourcecode.c.h; fileEncoding = 30; name = ui_compat.h; path = ../../../addons/ofxPoco/libs/openssl/include/openssl/ui_compat.h; sourceTree = SOURCE_ROOT; };
		9D907A98D6FF2E95AE4FCFBE /* opensslv.h */ = {isa = PBXFileReference; explicitFileType = sourcecode.c.h; fileEncoding = 30; name = opensslv.h; path = ../../../addons/ofxPoco/libs/openssl/include/openssl/opensslv.h; sourceTree = SOURCE_ROOT; };
		9E034FA57FE251AC33904E82 /* ofxDatGuiThemes.h */ = {isa = PBXFileReference; explicitFileType = sourcecode.c.h; fileEncoding = 30; name = ofxDatGuiThemes.h; path = ../../../addons/ofxDatGui_PM/src/themes/ofxDatGuiThemes.h; sourceTree = SOURCE_ROOT; };
		9E41B5C932654328664C3743 /* ocsp.h */ = {isa = PBXFileReference; explicitFileType = sourcecode.c.h; fileEncoding = 30; name = ocsp.h; path = ../../../addons/ofxPoco/libs/openssl/include/openssl/ocsp.h; sourceTree = SOURCE_ROOT; };
		9E67C420F0790C0E12C99190 /* ts.h */ = {isa = PBXFileReference; explicitFileType = sourcecode.c.h; fileEncoding = 30; name = ts.h; path = ../../../addons/ofxPoco/libs/openssl/include/openssl/ts.h; sourceTree = SOURCE_ROOT; };
		A13853A1B21F20177F44EE37 /* ofxDatGuiLabel.h */ = {isa = PBXFileReference; explicitFileType = sourcecode.c.h; fileEncoding = 30; name = ofxDatGuiLabel.h; path = ../../../addons/ofxDatGui_PM/src/components/ofxDatGuiLabel.h; sourceTree = SOURCE_ROOT; };
		A403D3D25D08FC7AF3B871D4 /* ofxSmartFont.cpp */ = {isa = PBXFileReference; explicitFileType = sourcecode.cpp.cpp; fileEncoding = 30; name = ofxSmartFont.cpp; path = ../../../addons/ofxDatGui_PM/src/libs/ofxSmartFont/ofxSmartFont.cpp; sourceTree = SOURCE_ROOT; };
		A534F08B38B5C43917E2A9E4 /* ofxDatGuiComponent.h */ = {isa = PBXFileReference; explicitFileType = sourcecode.c.h; fileEncoding = 30; name = ofxDatGuiComponent.h; path = ../../../addons/ofxDatGui_PM/src/core/ofxDatGuiComponent.h; sourceTree = SOURCE_ROOT; };
		A635ED74FA38F1EFA4AD206C /* err.h */ = {isa = PBXFileReference; explicitFileType = sourcecode.c.h; fileEncoding = 30; name = err.h; path = ../../../addons/ofxPoco/libs/openssl/include/openssl/err.h; sourceTree = SOURCE_ROOT; };
		A7B61DF7F41316374CEEE8CA /* ofxDatGuiTimeGraph.h */ = {isa = PBXFileReference; explicitFileType = sourcecode.c.h; fileEncoding = 30; name = ofxDatGuiTimeGraph.h; path = ../../../addons/ofxDatGui_PM/src/components/ofxDatGuiTimeGraph.h; sourceTree = SOURCE_ROOT; };
		A9AA9F290280E04944C1CEEE /* srp.h */ = {isa = PBXFileReference; explicitFileType = sourcecode.c.h; fileEncoding = 30; name = srp.h; path = ../../../addons/ofxPoco/libs/openssl/include/openssl/srp.h; sourceTree = SOURCE_ROOT; };
		AA136346D730CE2FC0EC85CD /* e_os2.h */ = {isa = PBXFileReference; explicitFileType = sourcecode.c.h; fileEncoding = 30; name = e_os2.h; path = ../../../addons/ofxPoco/libs/openssl/include/openssl/e_os2.h; sourceTree = SOURCE_ROOT; };
		AF53C1FCB4DC2DA249C71CE4 /* asn1t.h */ = {isa = PBXFileReference; explicitFileType = sourcecode.c.h; fileEncoding = 30; name = asn1t.h; path = ../../../addons/ofxPoco/libs/openssl/include/openssl/asn1t.h; sourceTree = SOURCE_ROOT; };
		B008F8A6205C328B00DC510F /* ofxOceanodeBaseController.cpp */ = {isa = PBXFileReference; fileEncoding = 4; lastKnownFileType = sourcecode.cpp.cpp; path = ofxOceanodeBaseController.cpp; sourceTree = "<group>"; };
		B008F8A7205C328B00DC510F /* ofxOceanodeBaseController.h */ = {isa = PBXFileReference; fileEncoding = 4; lastKnownFileType = sourcecode.c.h; path = ofxOceanodeBaseController.h; sourceTree = "<group>"; };
		B008F8A8205C328B00DC510F /* ofxOceanodeBPMController.cpp */ = {isa = PBXFileReference; fileEncoding = 4; lastKnownFileType = sourcecode.cpp.cpp; path = ofxOceanodeBPMController.cpp; sourceTree = "<group>"; };
		B008F8A9205C328B00DC510F /* ofxOceanodeBPMController.h */ = {isa = PBXFileReference; fileEncoding = 4; lastKnownFileType = sourcecode.c.h; path = ofxOceanodeBPMController.h; sourceTree = "<group>"; };
		B008F8AA205C328B00DC510F /* ofxOceanodeControls.cpp */ = {isa = PBXFileReference; fileEncoding = 4; lastKnownFileType = sourcecode.cpp.cpp; path = ofxOceanodeControls.cpp; sourceTree = "<group>"; };
		B008F8AB205C328B00DC510F /* ofxOceanodeControls.h */ = {isa = PBXFileReference; fileEncoding = 4; lastKnownFileType = sourcecode.c.h; path = ofxOceanodeControls.h; sourceTree = "<group>"; };
		B008F8AC205C328B00DC510F /* ofxOceanodePresetsController.cpp */ = {isa = PBXFileReference; fileEncoding = 4; lastKnownFileType = sourcecode.cpp.cpp; path = ofxOceanodePresetsController.cpp; sourceTree = "<group>"; };
		B008F8AD205C328B00DC510F /* ofxOceanodePresetsController.h */ = {isa = PBXFileReference; fileEncoding = 4; lastKnownFileType = sourcecode.c.h; path = ofxOceanodePresetsController.h; sourceTree = "<group>"; };
		B05852BB20599D1500BE774D /* VideoGrabberPS3EyeNodeBased.cpp */ = {isa = PBXFileReference; fileEncoding = 4; lastKnownFileType = sourcecode.cpp.cpp; path = VideoGrabberPS3EyeNodeBased.cpp; sourceTree = "<group>"; };
		B05852BC20599D1500BE774D /* VideoGrabberPS3EyeNodeBased.h */ = {isa = PBXFileReference; fileEncoding = 4; lastKnownFileType = sourcecode.c.h; path = VideoGrabberPS3EyeNodeBased.h; sourceTree = "<group>"; };
		B05852C120599F7900BE774D /* ps3eye.cpp */ = {isa = PBXFileReference; fileEncoding = 4; lastKnownFileType = sourcecode.cpp.cpp; path = ps3eye.cpp; sourceTree = "<group>"; };
		B05852C220599F7900BE774D /* ps3eye.h */ = {isa = PBXFileReference; fileEncoding = 4; lastKnownFileType = sourcecode.c.h; path = ps3eye.h; sourceTree = "<group>"; };
		B05852C320599F7900BE774D /* ps3eye_capi.cpp */ = {isa = PBXFileReference; fileEncoding = 4; lastKnownFileType = sourcecode.cpp.cpp; path = ps3eye_capi.cpp; sourceTree = "<group>"; };
		B05852C420599F7900BE774D /* ps3eye_capi.h */ = {isa = PBXFileReference; fileEncoding = 4; lastKnownFileType = sourcecode.c.h; path = ps3eye_capi.h; sourceTree = "<group>"; };
		B05852C92059A4C700BE774D /* libusb.h */ = {isa = PBXFileReference; fileEncoding = 4; lastKnownFileType = sourcecode.c.h; path = libusb.h; sourceTree = "<group>"; };
		B05852CA2059AEA800BE774D /* LooperFilter.cpp */ = {isa = PBXFileReference; fileEncoding = 4; lastKnownFileType = sourcecode.cpp.cpp; path = LooperFilter.cpp; sourceTree = "<group>"; };
		B05852CB2059AEA800BE774D /* LooperFilter.h */ = {isa = PBXFileReference; fileEncoding = 4; lastKnownFileType = sourcecode.c.h; path = LooperFilter.h; sourceTree = "<group>"; };
		B0BE82A6205041D200BF57C7 /* Buffer.cpp */ = {isa = PBXFileReference; fileEncoding = 4; lastKnownFileType = sourcecode.cpp.cpp; path = Buffer.cpp; sourceTree = "<group>"; };
		B0BE82A7205041D200BF57C7 /* Buffer.h */ = {isa = PBXFileReference; fileEncoding = 4; lastKnownFileType = sourcecode.c.h; path = Buffer.h; sourceTree = "<group>"; };
		B0BE82B1205041D200BF57C7 /* LumaFilterNodeBased.cpp */ = {isa = PBXFileReference; fileEncoding = 4; lastKnownFileType = sourcecode.cpp.cpp; path = LumaFilterNodeBased.cpp; sourceTree = "<group>"; };
		B0BE82B2205041D200BF57C7 /* LumaFilterNodeBased.h */ = {isa = PBXFileReference; fileEncoding = 4; lastKnownFileType = sourcecode.c.h; path = LumaFilterNodeBased.h; sourceTree = "<group>"; };
		B0BE82B5205041D200BF57C7 /* VideoFilter.cpp */ = {isa = PBXFileReference; fileEncoding = 4; lastKnownFileType = sourcecode.cpp.cpp; path = VideoFilter.cpp; sourceTree = "<group>"; };
		B0BE82B6205041D200BF57C7 /* VideoFilter.h */ = {isa = PBXFileReference; fileEncoding = 4; lastKnownFileType = sourcecode.c.h; path = VideoFilter.h; sourceTree = "<group>"; };
		B0BE82B8205041D200BF57C7 /* Frame.cpp */ = {isa = PBXFileReference; fileEncoding = 4; lastKnownFileType = sourcecode.cpp.cpp; path = Frame.cpp; sourceTree = "<group>"; };
		B0BE82B9205041D200BF57C7 /* Frame.h */ = {isa = PBXFileReference; fileEncoding = 4; lastKnownFileType = sourcecode.c.h; path = Frame.h; sourceTree = "<group>"; };
		B0BE82BA205041D200BF57C7 /* VideoFrame.cpp */ = {isa = PBXFileReference; fileEncoding = 4; lastKnownFileType = sourcecode.cpp.cpp; path = VideoFrame.cpp; sourceTree = "<group>"; };
		B0BE82BB205041D200BF57C7 /* VideoFrame.h */ = {isa = PBXFileReference; fileEncoding = 4; lastKnownFileType = sourcecode.c.h; path = VideoFrame.h; sourceTree = "<group>"; };
		B0BE82BD205041D200BF57C7 /* VideoGrabberNodeBased.cpp */ = {isa = PBXFileReference; fileEncoding = 4; lastKnownFileType = sourcecode.cpp.cpp; path = VideoGrabberNodeBased.cpp; sourceTree = "<group>"; };
		B0BE82BE205041D200BF57C7 /* VideoGrabberNodeBased.h */ = {isa = PBXFileReference; fileEncoding = 4; lastKnownFileType = sourcecode.c.h; path = VideoGrabberNodeBased.h; sourceTree = "<group>"; };
		B0BE82C1205041D200BF57C7 /* VideoSink.cpp */ = {isa = PBXFileReference; fileEncoding = 4; lastKnownFileType = sourcecode.cpp.cpp; path = VideoSink.cpp; sourceTree = "<group>"; };
		B0BE82C2205041D200BF57C7 /* VideoSink.h */ = {isa = PBXFileReference; fileEncoding = 4; lastKnownFileType = sourcecode.c.h; path = VideoSink.h; sourceTree = "<group>"; };
		B0BE82C3205041D200BF57C7 /* VideoSource.cpp */ = {isa = PBXFileReference; fileEncoding = 4; lastKnownFileType = sourcecode.cpp.cpp; path = VideoSource.cpp; sourceTree = "<group>"; };
		B0BE82C4205041D200BF57C7 /* VideoSource.h */ = {isa = PBXFileReference; fileEncoding = 4; lastKnownFileType = sourcecode.c.h; path = VideoSource.h; sourceTree = "<group>"; };
		B0BE82C6205041D200BF57C7 /* VideoRendererNodeBased.cpp */ = {isa = PBXFileReference; fileEncoding = 4; lastKnownFileType = sourcecode.cpp.cpp; path = VideoRendererNodeBased.cpp; sourceTree = "<group>"; };
		B0BE82C7205041D200BF57C7 /* VideoRendererNodeBased.h */ = {isa = PBXFileReference; fileEncoding = 4; lastKnownFileType = sourcecode.c.h; path = VideoRendererNodeBased.h; sourceTree = "<group>"; };
		B0BE82C9205041D200BF57C7 /* feedback.frag */ = {isa = PBXFileReference; fileEncoding = 4; lastKnownFileType = sourcecode.glsl; path = feedback.frag; sourceTree = "<group>"; };
		B0BE82CA205041D200BF57C7 /* feedback.vert */ = {isa = PBXFileReference; fileEncoding = 4; lastKnownFileType = sourcecode.glsl; path = feedback.vert; sourceTree = "<group>"; };
		B0BE82CB205041D200BF57C7 /* feedbackDelay.frag */ = {isa = PBXFileReference; fileEncoding = 4; lastKnownFileType = sourcecode.glsl; path = feedbackDelay.frag; sourceTree = "<group>"; };
		B0BE82CC205041D200BF57C7 /* feedbackDelay.vert */ = {isa = PBXFileReference; fileEncoding = 4; lastKnownFileType = sourcecode.glsl; path = feedbackDelay.vert; sourceTree = "<group>"; };
		B0BE82CD205041D200BF57C7 /* gradient.frag */ = {isa = PBXFileReference; fileEncoding = 4; lastKnownFileType = sourcecode.glsl; path = gradient.frag; sourceTree = "<group>"; };
		B0BE82CE205041D200BF57C7 /* gradient.vert */ = {isa = PBXFileReference; fileEncoding = 4; lastKnownFileType = sourcecode.glsl; path = gradient.vert; sourceTree = "<group>"; };
		B0BE82CF205041D200BF57C7 /* lumakey.frag */ = {isa = PBXFileReference; fileEncoding = 4; lastKnownFileType = sourcecode.glsl; path = lumakey.frag; sourceTree = "<group>"; };
		B0BE82D0205041D200BF57C7 /* lumakey.vert */ = {isa = PBXFileReference; fileEncoding = 4; lastKnownFileType = sourcecode.glsl; path = lumakey.vert; sourceTree = "<group>"; };
		B0BE82D1205041D200BF57C7 /* shader.frag */ = {isa = PBXFileReference; fileEncoding = 4; lastKnownFileType = sourcecode.glsl; path = shader.frag; sourceTree = "<group>"; };
		B0BE82D2205041D200BF57C7 /* shader.vert */ = {isa = PBXFileReference; fileEncoding = 4; lastKnownFileType = sourcecode.glsl; path = shader.vert; sourceTree = "<group>"; };
		B0BE82D4205041D200BF57C7 /* AudioFormat.h */ = {isa = PBXFileReference; fileEncoding = 4; lastKnownFileType = sourcecode.c.h; path = AudioFormat.h; sourceTree = "<group>"; };
		B0BE82D5205041D200BF57C7 /* ofxObjCPointer.cpp */ = {isa = PBXFileReference; fileEncoding = 4; lastKnownFileType = sourcecode.cpp.cpp; path = ofxObjCPointer.cpp; sourceTree = "<group>"; };
		B0BE82D6205041D200BF57C7 /* ofxObjCPointer.h */ = {isa = PBXFileReference; fileEncoding = 4; lastKnownFileType = sourcecode.c.h; path = ofxObjCPointer.h; sourceTree = "<group>"; };
		B0BE82D7205041D200BF57C7 /* pmUtils.h */ = {isa = PBXFileReference; fileEncoding = 4; lastKnownFileType = sourcecode.c.h; path = pmUtils.h; sourceTree = "<group>"; };
		B0BE82D8205041D200BF57C7 /* VideoFormat.h */ = {isa = PBXFileReference; fileEncoding = 4; lastKnownFileType = sourcecode.c.h; path = VideoFormat.h; sourceTree = "<group>"; };
		B0BE82E82050422600BF57C7 /* VideoBufferNodeBased.cpp */ = {isa = PBXFileReference; fileEncoding = 4; lastKnownFileType = sourcecode.cpp.cpp; path = VideoBufferNodeBased.cpp; sourceTree = "<group>"; };
		B0BE82E92050422600BF57C7 /* VideoBufferNodeBased.h */ = {isa = PBXFileReference; fileEncoding = 4; lastKnownFileType = sourcecode.c.h; path = VideoBufferNodeBased.h; sourceTree = "<group>"; };
		B0ED0EAD20504AF10067E155 /* VideoHeaderNodeBased.cpp */ = {isa = PBXFileReference; fileEncoding = 4; lastKnownFileType = sourcecode.cpp.cpp; path = VideoHeaderNodeBased.cpp; sourceTree = "<group>"; };
		B0ED0EAE20504AF10067E155 /* VideoHeaderNodeBased.h */ = {isa = PBXFileReference; fileEncoding = 4; lastKnownFileType = sourcecode.c.h; path = VideoHeaderNodeBased.h; sourceTree = "<group>"; };
		B0ED0EB020505B210067E155 /* ranger.cpp */ = {isa = PBXFileReference; fileEncoding = 4; lastKnownFileType = sourcecode.cpp.cpp; name = ranger.cpp; path = ../../../addons/ofxOceanode/src/Nodes/Default_Nodes/ranger.cpp; sourceTree = "<group>"; };
		B0ED0EB120505B210067E155 /* ranger.h */ = {isa = PBXFileReference; fileEncoding = 4; lastKnownFileType = sourcecode.c.h; name = ranger.h; path = ../../../addons/ofxOceanode/src/Nodes/Default_Nodes/ranger.h; sourceTree = "<group>"; };
		B0ED0EB320506C080067E155 /* FeedbackFilterNodeBased.cpp */ = {isa = PBXFileReference; fileEncoding = 4; lastKnownFileType = sourcecode.cpp.cpp; path = FeedbackFilterNodeBased.cpp; sourceTree = "<group>"; };
		B0ED0EB420506C080067E155 /* FeedbackFilterNodeBased.h */ = {isa = PBXFileReference; fileEncoding = 4; lastKnownFileType = sourcecode.c.h; path = FeedbackFilterNodeBased.h; sourceTree = "<group>"; };
		B0ED0EB920509BCE0067E155 /* MultixFilter.cpp */ = {isa = PBXFileReference; fileEncoding = 4; lastKnownFileType = sourcecode.cpp.cpp; path = MultixFilter.cpp; sourceTree = "<group>"; };
		B0ED0EBA20509BCE0067E155 /* MultixFilter.h */ = {isa = PBXFileReference; fileEncoding = 4; lastKnownFileType = sourcecode.c.h; path = MultixFilter.h; sourceTree = "<group>"; };
		B11DB438E2A6EBD360F8BA50 /* ofxDatGuiFRM.h */ = {isa = PBXFileReference; explicitFileType = sourcecode.c.h; fileEncoding = 30; name = ofxDatGuiFRM.h; path = ../../../addons/ofxDatGui_PM/src/components/ofxDatGuiFRM.h; sourceTree = SOURCE_ROOT; };
		B1CC96657896D2F948104F3D /* seed.h */ = {isa = PBXFileReference; explicitFileType = sourcecode.c.h; fileEncoding = 30; name = seed.h; path = ../../../addons/ofxPoco/libs/openssl/include/openssl/seed.h; sourceTree = SOURCE_ROOT; };
		B2D9BED8F594CFBBD0821E7E /* mdc2.h */ = {isa = PBXFileReference; explicitFileType = sourcecode.c.h; fileEncoding = 30; name = mdc2.h; path = ../../../addons/ofxPoco/libs/openssl/include/openssl/mdc2.h; sourceTree = SOURCE_ROOT; };
		B3F27E813E1250126AA46F39 /* stack.h */ = {isa = PBXFileReference; explicitFileType = sourcecode.c.h; fileEncoding = 30; name = stack.h; path = ../../../addons/ofxPoco/libs/openssl/include/openssl/stack.h; sourceTree = SOURCE_ROOT; };
		B400F6AD48F06E02F44FD05F /* safestack.h */ = {isa = PBXFileReference; explicitFileType = sourcecode.c.h; fileEncoding = 30; name = safestack.h; path = ../../../addons/ofxPoco/libs/openssl/include/openssl/safestack.h; sourceTree = SOURCE_ROOT; };
		B4F3FCB1CEE7B5D701F79122 /* crypto.h */ = {isa = PBXFileReference; explicitFileType = sourcecode.c.h; fileEncoding = 30; name = crypto.h; path = ../../../addons/ofxPoco/libs/openssl/include/openssl/crypto.h; sourceTree = SOURCE_ROOT; };
		B5F05744A3B0EEFB13955304 /* mapper.h */ = {isa = PBXFileReference; explicitFileType = sourcecode.c.h; fileEncoding = 30; name = mapper.h; path = ../../../addons/ofxOceanode/src/Nodes/Default_Nodes/mapper.h; sourceTree = SOURCE_ROOT; };
		B62DC455BB791E69D877D3B6 /* blowfish.h */ = {isa = PBXFileReference; explicitFileType = sourcecode.c.h; fileEncoding = 30; name = blowfish.h; path = ../../../addons/ofxPoco/libs/openssl/include/openssl/blowfish.h; sourceTree = SOURCE_ROOT; };
		B65483D96A9E876D46C93373 /* srtp.h */ = {isa = PBXFileReference; explicitFileType = sourcecode.c.h; fileEncoding = 30; name = srtp.h; path = ../../../addons/ofxPoco/libs/openssl/include/openssl/srtp.h; sourceTree = SOURCE_ROOT; };
		B7B623A02730497FBCEA4FF2 /* ofxDatGuiControls.h */ = {isa = PBXFileReference; explicitFileType = sourcecode.c.h; fileEncoding = 30; name = ofxDatGuiControls.h; path = ../../../addons/ofxDatGui_PM/src/components/ofxDatGuiControls.h; sourceTree = SOURCE_ROOT; };
		BFA88189469A37E0B53C6773 /* ofxOceanodeCanvas.h */ = {isa = PBXFileReference; explicitFileType = sourcecode.c.h; fileEncoding = 30; name = ofxOceanodeCanvas.h; path = ../../../addons/ofxOceanode/src/Managers/ofxOceanodeCanvas.h; sourceTree = SOURCE_ROOT; };
		C04436216C2B8A5144183E83 /* dtls1.h */ = {isa = PBXFileReference; explicitFileType = sourcecode.c.h; fileEncoding = 30; name = dtls1.h; path = ../../../addons/ofxPoco/libs/openssl/include/openssl/dtls1.h; sourceTree = SOURCE_ROOT; };
		C2BBB5BA515C82003E0EEB5E /* ofxDatGui2dPad.h */ = {isa = PBXFileReference; explicitFileType = sourcecode.c.h; fileEncoding = 30; name = ofxDatGui2dPad.h; path = ../../../addons/ofxDatGui_PM/src/components/ofxDatGui2dPad.h; sourceTree = SOURCE_ROOT; };
		C373CBF6422737D147BA8B70 /* objects.h */ = {isa = PBXFileReference; explicitFileType = sourcecode.c.h; fileEncoding = 30; name = objects.h; path = ../../../addons/ofxPoco/libs/openssl/include/openssl/objects.h; sourceTree = SOURCE_ROOT; };
		C388FEB5AAE4ED4271BE782D /* ecdsa.h */ = {isa = PBXFileReference; explicitFileType = sourcecode.c.h; fileEncoding = 30; name = ecdsa.h; path = ../../../addons/ofxPoco/libs/openssl/include/openssl/ecdsa.h; sourceTree = SOURCE_ROOT; };
		C3E6B872827C5AA3DE5C077B /* des_old.h */ = {isa = PBXFileReference; explicitFileType = sourcecode.c.h; fileEncoding = 30; name = des_old.h; path = ../../../addons/ofxPoco/libs/openssl/include/openssl/des_old.h; sourceTree = SOURCE_ROOT; };
		C4CA054A26838033180F5EE5 /* camellia.h */ = {isa = PBXFileReference; explicitFileType = sourcecode.c.h; fileEncoding = 30; name = camellia.h; path = ../../../addons/ofxPoco/libs/openssl/include/openssl/camellia.h; sourceTree = SOURCE_ROOT; };
		C72E12C876E23B53255D0ED9 /* phasorClass.cpp */ = {isa = PBXFileReference; explicitFileType = sourcecode.cpp.cpp; fileEncoding = 30; name = phasorClass.cpp; path = ../../../addons/ofxOceanode/src/Nodes/Default_Nodes/phasorClass.cpp; sourceTree = SOURCE_ROOT; };
		C8E2C1691E114A38E51BE494 /* oscillatorBank.h */ = {isa = PBXFileReference; explicitFileType = sourcecode.c.h; fileEncoding = 30; name = oscillatorBank.h; path = ../../../addons/ofxOceanode/src/Nodes/Default_Nodes/oscillatorBank.h; sourceTree = SOURCE_ROOT; };
		C9FE1E8D2E9BC8B7F5D308C8 /* asn1.h */ = {isa = PBXFileReference; explicitFileType = sourcecode.c.h; fileEncoding = 30; name = asn1.h; path = ../../../addons/ofxPoco/libs/openssl/include/openssl/asn1.h; sourceTree = SOURCE_ROOT; };
		CB2D33B0415C67FA099C0516 /* oscillator.h */ = {isa = PBXFileReference; explicitFileType = sourcecode.c.h; fileEncoding = 30; name = oscillator.h; path = ../../../addons/ofxOceanode/src/Nodes/Default_Nodes/oscillator.h; sourceTree = SOURCE_ROOT; };
		CEA66632C11B098EDB32207D /* oscillator.cpp */ = {isa = PBXFileReference; explicitFileType = sourcecode.cpp.cpp; fileEncoding = 30; name = oscillator.cpp; path = ../../../addons/ofxOceanode/src/Nodes/Default_Nodes/oscillator.cpp; sourceTree = SOURCE_ROOT; };
		D11A82FE9732DAF8F599F2AB /* ofxOceanodeNodeGui.h */ = {isa = PBXFileReference; explicitFileType = sourcecode.c.h; fileEncoding = 30; name = ofxOceanodeNodeGui.h; path = ../../../addons/ofxOceanode/src/Nodes/ofxOceanodeNodeGui.h; sourceTree = SOURCE_ROOT; };
		D1F2D509F3D753BBF52DAA19 /* rc4.h */ = {isa = PBXFileReference; explicitFileType = sourcecode.c.h; fileEncoding = 30; name = rc4.h; path = ../../../addons/ofxPoco/libs/openssl/include/openssl/rc4.h; sourceTree = SOURCE_ROOT; };
		D315839A1D24D10046025C0C /* asn1_mac.h */ = {isa = PBXFileReference; explicitFileType = sourcecode.c.h; fileEncoding = 30; name = asn1_mac.h; path = ../../../addons/ofxPoco/libs/openssl/include/openssl/asn1_mac.h; sourceTree = SOURCE_ROOT; };
		D7D04840334F3A7A5E0022ED /* obj_mac.h */ = {isa = PBXFileReference; explicitFileType = sourcecode.c.h; fileEncoding = 30; name = obj_mac.h; path = ../../../addons/ofxPoco/libs/openssl/include/openssl/obj_mac.h; sourceTree = SOURCE_ROOT; };
		D9A29C9DD4DFDF38F00ECF27 /* pem.h */ = {isa = PBXFileReference; explicitFileType = sourcecode.c.h; fileEncoding = 30; name = pem.h; path = ../../../addons/ofxPoco/libs/openssl/include/openssl/pem.h; sourceTree = SOURCE_ROOT; };
		DB8E8A3E7DBD341637059A64 /* dh.h */ = {isa = PBXFileReference; explicitFileType = sourcecode.c.h; fileEncoding = 30; name = dh.h; path = ../../../addons/ofxPoco/libs/openssl/include/openssl/dh.h; sourceTree = SOURCE_ROOT; };
		DD8F81F7AAB5BA396231DD4C /* ofxDatGui.cpp */ = {isa = PBXFileReference; explicitFileType = sourcecode.cpp.cpp; fileEncoding = 30; name = ofxDatGui.cpp; path = ../../../addons/ofxDatGui_PM/src/ofxDatGui.cpp; sourceTree = SOURCE_ROOT; };
		DE72DC98030465018D130E67 /* md4.h */ = {isa = PBXFileReference; explicitFileType = sourcecode.c.h; fileEncoding = 30; name = md4.h; path = ../../../addons/ofxPoco/libs/openssl/include/openssl/md4.h; sourceTree = SOURCE_ROOT; };
		E4328143138ABC890047C5CB /* openFrameworksLib.xcodeproj */ = {isa = PBXFileReference; lastKnownFileType = "wrapper.pb-project"; name = openFrameworksLib.xcodeproj; path = ../../../libs/openFrameworksCompiled/project/osx/openFrameworksLib.xcodeproj; sourceTree = SOURCE_ROOT; };
		E4B69B5B0A3A1756003C02F2 /* VJYourself_OCEANDebug.app */ = {isa = PBXFileReference; explicitFileType = wrapper.application; includeInIndex = 0; path = VJYourself_OCEANDebug.app; sourceTree = BUILT_PRODUCTS_DIR; };
		E4B69E1D0A3A1BDC003C02F2 /* main.cpp */ = {isa = PBXFileReference; fileEncoding = 4; lastKnownFileType = sourcecode.cpp.cpp; name = main.cpp; path = src/main.cpp; sourceTree = SOURCE_ROOT; };
		E4B69E1E0A3A1BDC003C02F2 /* ofApp.cpp */ = {isa = PBXFileReference; explicitFileType = sourcecode.cpp.cpp; fileEncoding = 4; name = ofApp.cpp; path = src/ofApp.cpp; sourceTree = SOURCE_ROOT; };
		E4B69E1F0A3A1BDC003C02F2 /* ofApp.h */ = {isa = PBXFileReference; fileEncoding = 4; lastKnownFileType = sourcecode.c.h; name = ofApp.h; path = src/ofApp.h; sourceTree = SOURCE_ROOT; };
		E4B6FCAD0C3E899E008CF71C /* openFrameworks-Info.plist */ = {isa = PBXFileReference; fileEncoding = 4; lastKnownFileType = text.plist.xml; path = "openFrameworks-Info.plist"; sourceTree = "<group>"; };
		E4EB691F138AFCF100A09F29 /* CoreOF.xcconfig */ = {isa = PBXFileReference; fileEncoding = 4; lastKnownFileType = text.xcconfig; name = CoreOF.xcconfig; path = ../../../libs/openFrameworksCompiled/project/osx/CoreOF.xcconfig; sourceTree = SOURCE_ROOT; };
		E4EB6923138AFD0F00A09F29 /* Project.xcconfig */ = {isa = PBXFileReference; fileEncoding = 4; lastKnownFileType = text.xcconfig; path = Project.xcconfig; sourceTree = "<group>"; };
		E811E52684D14AA533F8D72B /* whrlpool.h */ = {isa = PBXFileReference; explicitFileType = sourcecode.c.h; fileEncoding = 30; name = whrlpool.h; path = ../../../addons/ofxPoco/libs/openssl/include/openssl/whrlpool.h; sourceTree = SOURCE_ROOT; };
		E9998694E5001F9CF0B13BF0 /* ofxXmlPoco.cpp */ = {isa = PBXFileReference; explicitFileType = sourcecode.cpp.cpp; fileEncoding = 30; name = ofxXmlPoco.cpp; path = ../../../addons/ofxPoco/src/ofxXmlPoco.cpp; sourceTree = SOURCE_ROOT; };
		EDEAD1332CEFCB6171498ADE /* ofxOceanodeNodeModel.h */ = {isa = PBXFileReference; explicitFileType = sourcecode.c.h; fileEncoding = 30; name = ofxOceanodeNodeModel.h; path = ../../../addons/ofxOceanode/src/Nodes/ofxOceanodeNodeModel.h; sourceTree = SOURCE_ROOT; };
		EEC2734565C1EDDDE6616883 /* ripemd.h */ = {isa = PBXFileReference; explicitFileType = sourcecode.c.h; fileEncoding = 30; name = ripemd.h; path = ../../../addons/ofxPoco/libs/openssl/include/openssl/ripemd.h; sourceTree = SOURCE_ROOT; };
		EFC799641CF7089DDBF2094B /* ofxSmartFont.h */ = {isa = PBXFileReference; explicitFileType = sourcecode.c.h; fileEncoding = 30; name = ofxSmartFont.h; path = ../../../addons/ofxDatGui_PM/src/libs/ofxSmartFont/ofxSmartFont.h; sourceTree = SOURCE_ROOT; };
		F0B21373033A0907CFFFD055 /* des.h */ = {isa = PBXFileReference; explicitFileType = sourcecode.c.h; fileEncoding = 30; name = des.h; path = ../../../addons/ofxPoco/libs/openssl/include/openssl/des.h; sourceTree = SOURCE_ROOT; };
		F15C9896F6A32FCA280CD4B5 /* ofxOceanodeNodeRegistry.cpp */ = {isa = PBXFileReference; explicitFileType = sourcecode.cpp.cpp; fileEncoding = 30; name = ofxOceanodeNodeRegistry.cpp; path = ../../../addons/ofxOceanode/src/Managers/ofxOceanodeNodeRegistry.cpp; sourceTree = SOURCE_ROOT; };
		F24887AB1BADDDBB829D94E1 /* testNode.h */ = {isa = PBXFileReference; explicitFileType = sourcecode.c.h; fileEncoding = 30; name = testNode.h; path = src/testNode.h; sourceTree = SOURCE_ROOT; };
		F5AEF5B3ACCE46DC3D82353C /* baseIndexer.h */ = {isa = PBXFileReference; explicitFileType = sourcecode.c.h; fileEncoding = 30; name = baseIndexer.h; path = ../../../addons/ofxOceanode/src/Nodes/Default_Nodes/baseIndexer.h; sourceTree = SOURCE_ROOT; };
		FC8E873E04A65764668D30AB /* ofxOceanodeContainer.h */ = {isa = PBXFileReference; explicitFileType = sourcecode.c.h; fileEncoding = 30; name = ofxOceanodeContainer.h; path = ../../../addons/ofxOceanode/src/Managers/ofxOceanodeContainer.h; sourceTree = SOURCE_ROOT; };
		FDB04DA12ABAFBA5FFE217C9 /* opensslconf.h */ = {isa = PBXFileReference; explicitFileType = sourcecode.c.h; fileEncoding = 30; name = opensslconf.h; path = ../../../addons/ofxPoco/libs/openssl/include/openssl/opensslconf.h; sourceTree = SOURCE_ROOT; };
		FDC037DF46F0D26E4621F89B /* ossl_typ.h */ = {isa = PBXFileReference; explicitFileType = sourcecode.c.h; fileEncoding = 30; name = ossl_typ.h; path = ../../../addons/ofxPoco/libs/openssl/include/openssl/ossl_typ.h; sourceTree = SOURCE_ROOT; };
/* End PBXFileReference section */

/* Begin PBXFrameworksBuildPhase section */
		E4B69B590A3A1756003C02F2 /* Frameworks */ = {
			isa = PBXFrameworksBuildPhase;
			buildActionMask = 2147483647;
			files = (
				E4328149138ABC9F0047C5CB /* openFrameworksDebug.a in Frameworks */,
			);
			runOnlyForDeploymentPostprocessing = 0;
		};
/* End PBXFrameworksBuildPhase section */

/* Begin PBXGroup section */
		0117D94CE0C695E5E5482BEC /* ofxPoco */ = {
			isa = PBXGroup;
			children = (
				0EFE45161A4E28BDE46D84D0 /* src */,
				959BC13926B6C962531CEF17 /* libs */,
			);
			name = ofxPoco;
			sourceTree = "<group>";
		};
		0EFE45161A4E28BDE46D84D0 /* src */ = {
			isa = PBXGroup;
			children = (
				E9998694E5001F9CF0B13BF0 /* ofxXmlPoco.cpp */,
				7200EB1EC64977ED08AC0111 /* ofxXmlPoco.h */,
			);
			name = src;
			sourceTree = "<group>";
		};
		13C2436A78CDB4354594CA7D /* include */ = {
			isa = PBXGroup;
			children = (
				70E25EBAAB745F09329DDB44 /* openssl */,
			);
			name = include;
			sourceTree = "<group>";
		};
		1D570521A53950659A74DE26 /* components */ = {
			isa = PBXGroup;
			children = (
				C2BBB5BA515C82003E0EEB5E /* ofxDatGui2dPad.h */,
				771877A40D55CB5D6C1969C4 /* ofxDatGuiButton.h */,
				0795F21A2022A202F628BE94 /* ofxDatGuiColorPicker.h */,
				B7B623A02730497FBCEA4FF2 /* ofxDatGuiControls.h */,
				B11DB438E2A6EBD360F8BA50 /* ofxDatGuiFRM.h */,
				698855D874920D7A53525854 /* ofxDatGuiGroups.h */,
				A13853A1B21F20177F44EE37 /* ofxDatGuiLabel.h */,
				92007C97134ED347908EA736 /* ofxDatGuiMatrix.h */,
				11021811865108C49AED9E1E /* ofxDatGuiScrollView.h */,
				149298D896FDA631EE81BEB9 /* ofxDatGuiSlider.h */,
				29030CD02944F06F1DAC3E49 /* ofxDatGuiTextInput.h */,
				3F15C4313830F7C3C28E1FAE /* ofxDatGuiTextInputField.h */,
				A7B61DF7F41316374CEEE8CA /* ofxDatGuiTimeGraph.h */,
			);
			name = components;
			sourceTree = "<group>";
		};
		49829C6AAEB884DF8A116E1D /* libs */ = {
			isa = PBXGroup;
			children = (
				D334E5DEE84D3F52FE9065DE /* ofxSmartFont */,
			);
			name = libs;
			sourceTree = "<group>";
		};
		4A0C0B233C38AF6788F3CE7D /* Default_Nodes */ = {
			isa = PBXGroup;
			children = (
				B0ED0EB020505B210067E155 /* ranger.cpp */,
				B0ED0EB120505B210067E155 /* ranger.h */,
				9379E6001D7EB3C9ED6E3741 /* baseIndexer.cpp */,
				F5AEF5B3ACCE46DC3D82353C /* baseIndexer.h */,
				21F7AAAF4B49DDFC26309F29 /* baseOscillator.cpp */,
				4549BA17D5F8FD6756221A74 /* baseOscillator.h */,
				60A061F8C47B5624AE6C450E /* defaultNodes.h */,
				73ED5407785A82B2D86C90D2 /* mapper.cpp */,
				B5F05744A3B0EEFB13955304 /* mapper.h */,
				CEA66632C11B098EDB32207D /* oscillator.cpp */,
				CB2D33B0415C67FA099C0516 /* oscillator.h */,
				01ACCF35B06321B6B9C3E940 /* oscillatorBank.cpp */,
				C8E2C1691E114A38E51BE494 /* oscillatorBank.h */,
				C72E12C876E23B53255D0ED9 /* phasorClass.cpp */,
				0B132B67A85D7B39FD97C7CA /* phasorClass.h */,
			);
			name = Default_Nodes;
			sourceTree = "<group>";
		};
		643EB880A9E14DEF1DCC1AB4 /* ofxOceanode */ = {
			isa = PBXGroup;
			children = (
				9BF163AD5F824DF0AD945222 /* src */,
			);
			name = ofxOceanode;
			sourceTree = "<group>";
		};
		6948EE371B920CB800B5AC1A /* local_addons */ = {
			isa = PBXGroup;
			children = (
			);
			name = local_addons;
			sourceTree = "<group>";
		};
		6B8A921B73CC6BADD2D0E3A3 /* Nodes */ = {
			isa = PBXGroup;
			children = (
				4A0C0B233C38AF6788F3CE7D /* Default_Nodes */,
				63A44DC38599839305F1F4D3 /* ofxOceanodeNode.cpp */,
				7839463FADC4E27D1C66C5FB /* ofxOceanodeNode.h */,
				170083BFE7EEC5851D5DF9E6 /* ofxOceanodeNodeGui.cpp */,
				D11A82FE9732DAF8F599F2AB /* ofxOceanodeNodeGui.h */,
				18902594A5884CA5CA6D3D9D /* ofxOceanodeNodeModel.cpp */,
				EDEAD1332CEFCB6171498ADE /* ofxOceanodeNodeModel.h */,
			);
			name = Nodes;
			sourceTree = "<group>";
		};
		70E25EBAAB745F09329DDB44 /* openssl */ = {
			isa = PBXGroup;
			children = (
				64D45D3FC56C30943AC64D5E /* aes.h */,
				C9FE1E8D2E9BC8B7F5D308C8 /* asn1.h */,
				D315839A1D24D10046025C0C /* asn1_mac.h */,
				AF53C1FCB4DC2DA249C71CE4 /* asn1t.h */,
				37A00AAE55CA7B437073B0C9 /* bio.h */,
				B62DC455BB791E69D877D3B6 /* blowfish.h */,
				4BF97AC133A743F7D2E222B6 /* bn.h */,
				0B26945A52EE3207EE20D083 /* buffer.h */,
				C4CA054A26838033180F5EE5 /* camellia.h */,
				98B916CABFC10AC9836EB352 /* cast.h */,
				1AEDCF9A6D7A9C81A1FFFB82 /* cmac.h */,
				4882CC26D63610292CFADBE9 /* cms.h */,
				26FD7792D0FC0533A46C4B0D /* comp.h */,
				61CC1A2E0CC17BE6CE4A68F7 /* conf.h */,
				490DE03DA72EE341B37B4BBB /* conf_api.h */,
				B4F3FCB1CEE7B5D701F79122 /* crypto.h */,
				F0B21373033A0907CFFFD055 /* des.h */,
				C3E6B872827C5AA3DE5C077B /* des_old.h */,
				DB8E8A3E7DBD341637059A64 /* dh.h */,
				8B1E1E0F1F7DF006BF6F4E80 /* dsa.h */,
				4131D8A2E720D1116977851A /* dso.h */,
				C04436216C2B8A5144183E83 /* dtls1.h */,
				AA136346D730CE2FC0EC85CD /* e_os2.h */,
				61A673E0354F5DD23699802A /* ebcdic.h */,
				2A20F45E8472AF83015D687B /* ec.h */,
				7A6C877B8EC4F7438DED9FB4 /* ecdh.h */,
				C388FEB5AAE4ED4271BE782D /* ecdsa.h */,
				1D548216CC2978215BFDAC85 /* engine.h */,
				A635ED74FA38F1EFA4AD206C /* err.h */,
				67AD080A2A62A398BC832D7A /* evp.h */,
				6B4197F8EF581E2F00041258 /* hmac.h */,
				6FAF79F4AD0DC48C239A0E3E /* idea.h */,
				4125F54D00872CF51FE7A1BE /* krb5_asn.h */,
				321405D94F972ACB74C5D008 /* kssl.h */,
				773AA38F169F9C1E793528DC /* lhash.h */,
				DE72DC98030465018D130E67 /* md4.h */,
				5749F2535EC575188CD8B7EA /* md5.h */,
				B2D9BED8F594CFBBD0821E7E /* mdc2.h */,
				17006150745E007FA32014F5 /* modes.h */,
				D7D04840334F3A7A5E0022ED /* obj_mac.h */,
				C373CBF6422737D147BA8B70 /* objects.h */,
				9E41B5C932654328664C3743 /* ocsp.h */,
				FDB04DA12ABAFBA5FFE217C9 /* opensslconf.h */,
				3196BB02FD710583AD1E8682 /* opensslconf_osx.h */,
				9D907A98D6FF2E95AE4FCFBE /* opensslv.h */,
				FDC037DF46F0D26E4621F89B /* ossl_typ.h */,
				D9A29C9DD4DFDF38F00ECF27 /* pem.h */,
				9A00A37CC5D4BF1FD1883438 /* pem2.h */,
				7D3A8C6EA022F43F7B57C119 /* pkcs12.h */,
				413E48C985AFC06586413FB9 /* pkcs7.h */,
				66EA895B37DCE5C380F747F2 /* pqueue.h */,
				56DAF0A34EFCF5E2A5E60386 /* rand.h */,
				101E00135DD5F4A88AA3119E /* rc2.h */,
				D1F2D509F3D753BBF52DAA19 /* rc4.h */,
				EEC2734565C1EDDDE6616883 /* ripemd.h */,
				1C0972A2A90100E10C49938E /* rsa.h */,
				B400F6AD48F06E02F44FD05F /* safestack.h */,
				B1CC96657896D2F948104F3D /* seed.h */,
				3F9F5D5E3A4CDE45682F38E2 /* sha.h */,
				A9AA9F290280E04944C1CEEE /* srp.h */,
				B65483D96A9E876D46C93373 /* srtp.h */,
				16D8E1844A44453A0C287E72 /* ssl.h */,
				5CAABABC5D465FF3E4FDBAA0 /* ssl2.h */,
				92DCDDA927483519F8C33033 /* ssl23.h */,
				40F8AFFCAB8F69A35DA9FD2A /* ssl3.h */,
				B3F27E813E1250126AA46F39 /* stack.h */,
				0ED9E7E17E11365C9F07BC90 /* symhacks.h */,
				5D05C2B0CBAFC3F9F2F693AF /* tls1.h */,
				9E67C420F0790C0E12C99190 /* ts.h */,
				355218D9B12A28AD4F099029 /* txt_db.h */,
				3FED4C887C37A3FD70D004E8 /* ui.h */,
				9BD24C7C1FE56E6ADD52C42D /* ui_compat.h */,
				E811E52684D14AA533F8D72B /* whrlpool.h */,
				8A1254FD4FD7284078EEE55E /* x509.h */,
				4A941E617512F1E87E294653 /* x509_vfy.h */,
				2A8E6EE70DD635A657EEEC99 /* x509v3.h */,
			);
			name = openssl;
			sourceTree = "<group>";
		};
		959BC13926B6C962531CEF17 /* libs */ = {
			isa = PBXGroup;
			children = (
				B2C98B62869583DB9FE30DA7 /* openssl */,
			);
			name = libs;
			sourceTree = "<group>";
		};
		9BBF10547B078BE7A527677B /* Connections */ = {
			isa = PBXGroup;
			children = (
				7C9B84BA3AF325F3D843633B /* ofxOceanodeConnection.cpp */,
				656EE12F1A05CB4841731C77 /* ofxOceanodeConnection.h */,
				76AFF92A62D8AF4E498DB5C3 /* ofxOceanodeConnectionGraphics.cpp */,
				542B8A9AF130D0C5A3086539 /* ofxOceanodeConnectionGraphics.h */,
			);
			name = Connections;
			sourceTree = "<group>";
		};
		9BF163AD5F824DF0AD945222 /* src */ = {
			isa = PBXGroup;
			children = (
				B008F8A5205C328B00DC510F /* Controls */,
				9BBF10547B078BE7A527677B /* Connections */,
				F345CC31328F66B89F4BB079 /* Managers */,
				6B8A921B73CC6BADD2D0E3A3 /* Nodes */,
				86F00AF8B1543076FA133A82 /* ofxOceanode.h */,
			);
			name = src;
			sourceTree = "<group>";
		};
		B008F8A5205C328B00DC510F /* Controls */ = {
			isa = PBXGroup;
			children = (
				B008F8A6205C328B00DC510F /* ofxOceanodeBaseController.cpp */,
				B008F8A7205C328B00DC510F /* ofxOceanodeBaseController.h */,
				B008F8A8205C328B00DC510F /* ofxOceanodeBPMController.cpp */,
				B008F8A9205C328B00DC510F /* ofxOceanodeBPMController.h */,
				B008F8AA205C328B00DC510F /* ofxOceanodeControls.cpp */,
				B008F8AB205C328B00DC510F /* ofxOceanodeControls.h */,
				B008F8AC205C328B00DC510F /* ofxOceanodePresetsController.cpp */,
				B008F8AD205C328B00DC510F /* ofxOceanodePresetsController.h */,
			);
			name = Controls;
			path = ../../../addons/ofxOceanode/src/Controls;
			sourceTree = "<group>";
		};
		B05852C020599F7900BE774D /* ps3eye */ = {
			isa = PBXGroup;
			children = (
				B05852C92059A4C700BE774D /* libusb.h */,
				B05852C120599F7900BE774D /* ps3eye.cpp */,
				B05852C220599F7900BE774D /* ps3eye.h */,
				B05852C320599F7900BE774D /* ps3eye_capi.cpp */,
				B05852C420599F7900BE774D /* ps3eye_capi.h */,
			);
			path = ps3eye;
			sourceTree = "<group>";
		};
		B0BE82A3205041D200BF57C7 /* ofxPlaymodes */ = {
			isa = PBXGroup;
			children = (
				B0BE82A4205041D200BF57C7 /* src */,
			);
			name = ofxPlaymodes;
			path = ../../../addons/ofxPlaymodes;
			sourceTree = "<group>";
		};
		B0BE82A4205041D200BF57C7 /* src */ = {
			isa = PBXGroup;
			children = (
				B0ED0EAC20504AF10067E155 /* headers */,
				B0BE82A5205041D200BF57C7 /* buffers */,
				B0BE82AA205041D200BF57C7 /* filters */,
				B0BE82B7205041D200BF57C7 /* frames */,
				B0BE82BC205041D200BF57C7 /* grabbers */,
				B0BE82BF205041D200BF57C7 /* pipeline */,
				B0BE82C5205041D200BF57C7 /* renderers */,
				B0BE82C8205041D200BF57C7 /* shaders */,
				B0BE82D3205041D200BF57C7 /* utils */,
			);
			path = src;
			sourceTree = "<group>";
		};
		B0BE82A5205041D200BF57C7 /* buffers */ = {
			isa = PBXGroup;
			children = (
				B0BE82E82050422600BF57C7 /* VideoBufferNodeBased.cpp */,
				B0BE82E92050422600BF57C7 /* VideoBufferNodeBased.h */,
				B0BE82A6205041D200BF57C7 /* Buffer.cpp */,
				B0BE82A7205041D200BF57C7 /* Buffer.h */,
			);
			path = buffers;
			sourceTree = "<group>";
		};
		B0BE82AA205041D200BF57C7 /* filters */ = {
			isa = PBXGroup;
			children = (
				B05852CA2059AEA800BE774D /* LooperFilter.cpp */,
				B05852CB2059AEA800BE774D /* LooperFilter.h */,
				B0ED0EB920509BCE0067E155 /* MultixFilter.cpp */,
				B0ED0EBA20509BCE0067E155 /* MultixFilter.h */,
				B0ED0EB320506C080067E155 /* FeedbackFilterNodeBased.cpp */,
				B0ED0EB420506C080067E155 /* FeedbackFilterNodeBased.h */,
				B0BE82B1205041D200BF57C7 /* LumaFilterNodeBased.cpp */,
				B0BE82B2205041D200BF57C7 /* LumaFilterNodeBased.h */,
				B0BE82B5205041D200BF57C7 /* VideoFilter.cpp */,
				B0BE82B6205041D200BF57C7 /* VideoFilter.h */,
			);
			path = filters;
			sourceTree = "<group>";
		};
		B0BE82B7205041D200BF57C7 /* frames */ = {
			isa = PBXGroup;
			children = (
				B0BE82B8205041D200BF57C7 /* Frame.cpp */,
				B0BE82B9205041D200BF57C7 /* Frame.h */,
				B0BE82BA205041D200BF57C7 /* VideoFrame.cpp */,
				B0BE82BB205041D200BF57C7 /* VideoFrame.h */,
			);
			path = frames;
			sourceTree = "<group>";
		};
		B0BE82BC205041D200BF57C7 /* grabbers */ = {
			isa = PBXGroup;
			children = (
				B05852C020599F7900BE774D /* ps3eye */,
				B05852BB20599D1500BE774D /* VideoGrabberPS3EyeNodeBased.cpp */,
				B05852BC20599D1500BE774D /* VideoGrabberPS3EyeNodeBased.h */,
				B0BE82BD205041D200BF57C7 /* VideoGrabberNodeBased.cpp */,
				B0BE82BE205041D200BF57C7 /* VideoGrabberNodeBased.h */,
			);
			path = grabbers;
			sourceTree = "<group>";
		};
		B0BE82BF205041D200BF57C7 /* pipeline */ = {
			isa = PBXGroup;
			children = (
				B0BE82C0205041D200BF57C7 /* video */,
			);
			path = pipeline;
			sourceTree = "<group>";
		};
		B0BE82C0205041D200BF57C7 /* video */ = {
			isa = PBXGroup;
			children = (
				B0BE82C1205041D200BF57C7 /* VideoSink.cpp */,
				B0BE82C2205041D200BF57C7 /* VideoSink.h */,
				B0BE82C3205041D200BF57C7 /* VideoSource.cpp */,
				B0BE82C4205041D200BF57C7 /* VideoSource.h */,
			);
			path = video;
			sourceTree = "<group>";
		};
		B0BE82C5205041D200BF57C7 /* renderers */ = {
			isa = PBXGroup;
			children = (
				B0BE82C6205041D200BF57C7 /* VideoRendererNodeBased.cpp */,
				B0BE82C7205041D200BF57C7 /* VideoRendererNodeBased.h */,
			);
			path = renderers;
			sourceTree = "<group>";
		};
		B0BE82C8205041D200BF57C7 /* shaders */ = {
			isa = PBXGroup;
			children = (
				B0BE82C9205041D200BF57C7 /* feedback.frag */,
				B0BE82CA205041D200BF57C7 /* feedback.vert */,
				B0BE82CB205041D200BF57C7 /* feedbackDelay.frag */,
				B0BE82CC205041D200BF57C7 /* feedbackDelay.vert */,
				B0BE82CD205041D200BF57C7 /* gradient.frag */,
				B0BE82CE205041D200BF57C7 /* gradient.vert */,
				B0BE82CF205041D200BF57C7 /* lumakey.frag */,
				B0BE82D0205041D200BF57C7 /* lumakey.vert */,
				B0BE82D1205041D200BF57C7 /* shader.frag */,
				B0BE82D2205041D200BF57C7 /* shader.vert */,
			);
			path = shaders;
			sourceTree = "<group>";
		};
		B0BE82D3205041D200BF57C7 /* utils */ = {
			isa = PBXGroup;
			children = (
				B0BE82D4205041D200BF57C7 /* AudioFormat.h */,
				B0BE82D5205041D200BF57C7 /* ofxObjCPointer.cpp */,
				B0BE82D6205041D200BF57C7 /* ofxObjCPointer.h */,
				B0BE82D7205041D200BF57C7 /* pmUtils.h */,
				B0BE82D8205041D200BF57C7 /* VideoFormat.h */,
			);
			path = utils;
			sourceTree = "<group>";
		};
		B0ED0EAC20504AF10067E155 /* headers */ = {
			isa = PBXGroup;
			children = (
				B0ED0EAD20504AF10067E155 /* VideoHeaderNodeBased.cpp */,
				B0ED0EAE20504AF10067E155 /* VideoHeaderNodeBased.h */,
			);
			path = headers;
			sourceTree = "<group>";
		};
		B2C98B62869583DB9FE30DA7 /* openssl */ = {
			isa = PBXGroup;
			children = (
				13C2436A78CDB4354594CA7D /* include */,
			);
			name = openssl;
			sourceTree = "<group>";
		};
		BB4B014C10F69532006C3DED /* addons */ = {
			isa = PBXGroup;
			children = (
				B0BE82A3205041D200BF57C7 /* ofxPlaymodes */,
				E99400E5E21DFD21A45E2E82 /* ofxDatGui_PM */,
				643EB880A9E14DEF1DCC1AB4 /* ofxOceanode */,
				0117D94CE0C695E5E5482BEC /* ofxPoco */,
			);
			name = addons;
			sourceTree = "<group>";
		};
		D334E5DEE84D3F52FE9065DE /* ofxSmartFont */ = {
			isa = PBXGroup;
			children = (
				A403D3D25D08FC7AF3B871D4 /* ofxSmartFont.cpp */,
				EFC799641CF7089DDBF2094B /* ofxSmartFont.h */,
			);
			name = ofxSmartFont;
			sourceTree = "<group>";
		};
		D9757BE1A5DFAE64198FF989 /* themes */ = {
			isa = PBXGroup;
			children = (
				0EA01AA404A74EE4BF1F46AD /* ofxDatGuiTheme.h */,
				9E034FA57FE251AC33904E82 /* ofxDatGuiThemes.h */,
			);
			name = themes;
			sourceTree = "<group>";
		};
		E4328144138ABC890047C5CB /* Products */ = {
			isa = PBXGroup;
			children = (
				E4328148138ABC890047C5CB /* openFrameworksDebug.a */,
			);
			name = Products;
			sourceTree = "<group>";
		};
		E4B69B4A0A3A1720003C02F2 = {
			isa = PBXGroup;
			children = (
				E4B6FCAD0C3E899E008CF71C /* openFrameworks-Info.plist */,
				E4EB6923138AFD0F00A09F29 /* Project.xcconfig */,
				E4B69E1C0A3A1BDC003C02F2 /* src */,
				E4EEC9E9138DF44700A80321 /* openFrameworks */,
				BB4B014C10F69532006C3DED /* addons */,
				6948EE371B920CB800B5AC1A /* local_addons */,
				E4B69B5B0A3A1756003C02F2 /* VJYourself_OCEANDebug.app */,
			);
			sourceTree = "<group>";
		};
		E4B69E1C0A3A1BDC003C02F2 /* src */ = {
			isa = PBXGroup;
			children = (
				E4B69E1D0A3A1BDC003C02F2 /* main.cpp */,
				E4B69E1E0A3A1BDC003C02F2 /* ofApp.cpp */,
				E4B69E1F0A3A1BDC003C02F2 /* ofApp.h */,
				1C84792B71D7D5C105077DBF /* testNode.cpp */,
				F24887AB1BADDDBB829D94E1 /* testNode.h */,
			);
			path = src;
			sourceTree = SOURCE_ROOT;
		};
		E4EEC9E9138DF44700A80321 /* openFrameworks */ = {
			isa = PBXGroup;
			children = (
				E4EB691F138AFCF100A09F29 /* CoreOF.xcconfig */,
				E4328143138ABC890047C5CB /* openFrameworksLib.xcodeproj */,
			);
			name = openFrameworks;
			sourceTree = "<group>";
		};
		E99400E5E21DFD21A45E2E82 /* ofxDatGui_PM */ = {
			isa = PBXGroup;
			children = (
				FE3CA1F8648010DBA2401722 /* src */,
			);
			name = ofxDatGui_PM;
			sourceTree = "<group>";
		};
		EB0606B779510751DDA16A81 /* core */ = {
			isa = PBXGroup;
			children = (
				5D13EE4C64902574D9153447 /* ofxDatGuiComponent.cpp */,
				A534F08B38B5C43917E2A9E4 /* ofxDatGuiComponent.h */,
				169D713735D46DFA03D4EBEB /* ofxDatGuiConstants.h */,
				407D7F7B6D3EDF97638DF661 /* ofxDatGuiEvents.h */,
				8E922B504254FF844AF5505A /* ofxDatGuiIntObject.h */,
			);
			name = core;
			sourceTree = "<group>";
		};
		F345CC31328F66B89F4BB079 /* Managers */ = {
			isa = PBXGroup;
			children = (
				69F09B1450CB3FF08A87D2FF /* ofxOceanodeCanvas.cpp */,
				BFA88189469A37E0B53C6773 /* ofxOceanodeCanvas.h */,
				5E65A0C39A6FDCA2888DDAF8 /* ofxOceanodeContainer.cpp */,
				FC8E873E04A65764668D30AB /* ofxOceanodeContainer.h */,
				F15C9896F6A32FCA280CD4B5 /* ofxOceanodeNodeRegistry.cpp */,
				4A76FE1EC14329064FDB60C7 /* ofxOceanodeNodeRegistry.h */,
			);
			name = Managers;
			sourceTree = "<group>";
		};
		FE3CA1F8648010DBA2401722 /* src */ = {
			isa = PBXGroup;
			children = (
				1D570521A53950659A74DE26 /* components */,
				EB0606B779510751DDA16A81 /* core */,
				49829C6AAEB884DF8A116E1D /* libs */,
				DD8F81F7AAB5BA396231DD4C /* ofxDatGui.cpp */,
				4D832D586223B608C5420D29 /* ofxDatGui.h */,
				D9757BE1A5DFAE64198FF989 /* themes */,
			);
			name = src;
			sourceTree = "<group>";
		};
/* End PBXGroup section */

/* Begin PBXNativeTarget section */
		E4B69B5A0A3A1756003C02F2 /* VJYourself_OCEAN */ = {
			isa = PBXNativeTarget;
			buildConfigurationList = E4B69B5F0A3A1757003C02F2 /* Build configuration list for PBXNativeTarget "VJYourself_OCEAN" */;
			buildPhases = (
				E4B69B580A3A1756003C02F2 /* Sources */,
				E4B69B590A3A1756003C02F2 /* Frameworks */,
				E4B6FFFD0C3F9AB9008CF71C /* ShellScript */,
				E4C2427710CC5ABF004149E2 /* CopyFiles */,
				8466F1851C04CA0E00918B1C /* ShellScript */,
			);
			buildRules = (
			);
			dependencies = (
				E4EEB9AC138B136A00A80321 /* PBXTargetDependency */,
			);
			name = VJYourself_OCEAN;
			productName = myOFApp;
			productReference = E4B69B5B0A3A1756003C02F2 /* VJYourself_OCEANDebug.app */;
			productType = "com.apple.product-type.application";
		};
/* End PBXNativeTarget section */

/* Begin PBXProject section */
		E4B69B4C0A3A1720003C02F2 /* Project object */ = {
			isa = PBXProject;
			attributes = {
				LastUpgradeCheck = 0600;
			};
			buildConfigurationList = E4B69B4D0A3A1720003C02F2 /* Build configuration list for PBXProject "VJYourself_OCEAN" */;
			compatibilityVersion = "Xcode 3.2";
			developmentRegion = English;
			hasScannedForEncodings = 0;
			knownRegions = (
				English,
				Japanese,
				French,
				German,
			);
			mainGroup = E4B69B4A0A3A1720003C02F2;
			productRefGroup = E4B69B4A0A3A1720003C02F2;
			projectDirPath = "";
			projectReferences = (
				{
					ProductGroup = E4328144138ABC890047C5CB /* Products */;
					ProjectRef = E4328143138ABC890047C5CB /* openFrameworksLib.xcodeproj */;
				},
			);
			projectRoot = "";
			targets = (
				E4B69B5A0A3A1756003C02F2 /* VJYourself_OCEAN */,
			);
		};
/* End PBXProject section */

/* Begin PBXReferenceProxy section */
		E4328148138ABC890047C5CB /* openFrameworksDebug.a */ = {
			isa = PBXReferenceProxy;
			fileType = archive.ar;
			path = openFrameworksDebug.a;
			remoteRef = E4328147138ABC890047C5CB /* PBXContainerItemProxy */;
			sourceTree = BUILT_PRODUCTS_DIR;
		};
/* End PBXReferenceProxy section */

/* Begin PBXShellScriptBuildPhase section */
		8466F1851C04CA0E00918B1C /* ShellScript */ = {
			isa = PBXShellScriptBuildPhase;
			buildActionMask = 12;
			files = (
			);
			inputPaths = (
			);
			outputPaths = (
			);
			runOnlyForDeploymentPostprocessing = 0;
			shellPath = /bin/sh;
			shellScript = "echo \"$GCC_PREPROCESSOR_DEFINITIONS\";\nAPPSTORE=`expr \"$GCC_PREPROCESSOR_DEFINITIONS\" : \".*APPSTORE=\\([0-9]*\\)\"`\nif [ -z \"$APPSTORE\" ] ; then\necho \"Note: Not copying bin/data to App Package or doing App Code signing. Use AppStore target for AppStore distribution\";\nelse\n# Copy bin/data into App/Resources\nrsync -avz --exclude='.DS_Store' \"${SRCROOT}/bin/data/\" \"${TARGET_BUILD_DIR}/${UNLOCALIZED_RESOURCES_FOLDER_PATH}/data/\"\n\n# ---- Code Sign App Package ----\n\n# WARNING: You may have to run Clean in Xcode after changing CODE_SIGN_IDENTITY!\n\n# Verify that $CODE_SIGN_IDENTITY is set\nif [ -z \"${CODE_SIGN_IDENTITY}\" ] ; then\necho \"CODE_SIGN_IDENTITY needs to be set for framework code-signing\"\nexit 0\nfi\n\nif [ -z \"${CODE_SIGN_ENTITLEMENTS}\" ] ; then\necho \"CODE_SIGN_ENTITLEMENTS needs to be set for framework code-signing!\"\n\nif [ \"${CONFIGURATION}\" = \"Release\" ] ; then\nexit 1\nelse\n# Code-signing is optional for non-release builds.\nexit 0\nfi\nfi\n\nITEMS=\"\"\n\nFRAMEWORKS_DIR=\"${TARGET_BUILD_DIR}/${FRAMEWORKS_FOLDER_PATH}\"\necho \"$FRAMEWORKS_DIR\"\nif [ -d \"$FRAMEWORKS_DIR\" ] ; then\nFRAMEWORKS=$(find \"${FRAMEWORKS_DIR}\" -depth -type d -name \"*.framework\" -or -name \"*.dylib\" -or -name \"*.bundle\" | sed -e \"s/\\(.*framework\\)/\\1\\/Versions\\/A\\//\")\nRESULT=$?\nif [[ $RESULT != 0 ]] ; then\nexit 1\nfi\n\nITEMS=\"${FRAMEWORKS}\"\nfi\n\nLOGINITEMS_DIR=\"${TARGET_BUILD_DIR}/${CONTENTS_FOLDER_PATH}/Library/LoginItems/\"\nif [ -d \"$LOGINITEMS_DIR\" ] ; then\nLOGINITEMS=$(find \"${LOGINITEMS_DIR}\" -depth -type d -name \"*.app\")\nRESULT=$?\nif [[ $RESULT != 0 ]] ; then\nexit 1\nfi\n\nITEMS=\"${ITEMS}\"$'\\n'\"${LOGINITEMS}\"\nfi\n\n# Prefer the expanded name, if available.\nCODE_SIGN_IDENTITY_FOR_ITEMS=\"${EXPANDED_CODE_SIGN_IDENTITY_NAME}\"\nif [ \"${CODE_SIGN_IDENTITY_FOR_ITEMS}\" = \"\" ] ; then\n# Fall back to old behavior.\nCODE_SIGN_IDENTITY_FOR_ITEMS=\"${CODE_SIGN_IDENTITY}\"\nfi\n\necho \"Identity:\"\necho \"${CODE_SIGN_IDENTITY_FOR_ITEMS}\"\n\necho \"Entitlements:\"\necho \"${CODE_SIGN_ENTITLEMENTS}\"\n\necho \"Found:\"\necho \"${ITEMS}\"\n\n# Change the Internal Field Separator (IFS) so that spaces in paths will not cause problems below.\nSAVED_IFS=$IFS\nIFS=$(echo -en \"\\n\\b\")\n\n# Loop through all items.\nfor ITEM in $ITEMS;\ndo\necho \"Signing '${ITEM}'\"\ncodesign --force --verbose --sign \"${CODE_SIGN_IDENTITY_FOR_ITEMS}\" --entitlements \"${CODE_SIGN_ENTITLEMENTS}\" \"${ITEM}\"\nRESULT=$?\nif [[ $RESULT != 0 ]] ; then\necho \"Failed to sign '${ITEM}'.\"\nIFS=$SAVED_IFS\nexit 1\nfi\ndone\n\n# Restore $IFS.\nIFS=$SAVED_IFS\n\nfi\n";
		};
		E4B6FFFD0C3F9AB9008CF71C /* ShellScript */ = {
			isa = PBXShellScriptBuildPhase;
			buildActionMask = 2147483647;
			files = (
			);
			inputPaths = (
			);
			outputPaths = (
			);
			runOnlyForDeploymentPostprocessing = 0;
			shellPath = /bin/sh;
			shellScript = "mkdir -p \"$TARGET_BUILD_DIR/$PRODUCT_NAME.app/Contents/Resources/\"\n# Copy default icon file into App/Resources\nrsync -aved \"$ICON_FILE\" \"$TARGET_BUILD_DIR/$PRODUCT_NAME.app/Contents/Resources/\"\n# Copy libfmod and change install directory for fmod to run\nrsync -aved \"$OF_PATH/libs/fmodex/lib/osx/libfmodex.dylib\" \"$TARGET_BUILD_DIR/$PRODUCT_NAME.app/Contents/Frameworks/\";\ninstall_name_tool -change @executable_path/libfmodex.dylib @executable_path/../Frameworks/libfmodex.dylib \"$TARGET_BUILD_DIR/$PRODUCT_NAME.app/Contents/MacOS/$PRODUCT_NAME\";\n\necho \"$GCC_PREPROCESSOR_DEFINITIONS\";\n";
		};
/* End PBXShellScriptBuildPhase section */

/* Begin PBXSourcesBuildPhase section */
		E4B69B580A3A1756003C02F2 /* Sources */ = {
			isa = PBXSourcesBuildPhase;
			buildActionMask = 2147483647;
			files = (
				B05852CC2059AEA800BE774D /* LooperFilter.cpp in Sources */,
				B0BE82E2205041D200BF57C7 /* VideoFrame.cpp in Sources */,
				E4B69E200A3A1BDC003C02F2 /* main.cpp in Sources */,
				B008F8B0205C328B00DC510F /* ofxOceanodeControls.cpp in Sources */,
				B0ED0EAF20504AF10067E155 /* VideoHeaderNodeBased.cpp in Sources */,
				B0BE82E1205041D200BF57C7 /* Frame.cpp in Sources */,
				E4B69E210A3A1BDC003C02F2 /* ofApp.cpp in Sources */,
				A670837F6999677674A385D1 /* testNode.cpp in Sources */,
				B0ED0EBB20509BCE0067E155 /* MultixFilter.cpp in Sources */,
				B0BE82D9205041D200BF57C7 /* Buffer.cpp in Sources */,
				4A277DA746402C76CE307770 /* ofxDatGuiComponent.cpp in Sources */,
				646DF4D56CE728133610A7F6 /* ofxSmartFont.cpp in Sources */,
				B0BE82E5205041D200BF57C7 /* VideoSource.cpp in Sources */,
				BE7DAF3CB982C2BD0FE44648 /* ofxDatGui.cpp in Sources */,
				B008F8AF205C328B00DC510F /* ofxOceanodeBPMController.cpp in Sources */,
				B05852C520599F7900BE774D /* ps3eye.cpp in Sources */,
				C6A203560BFBDA04C5746210 /* ofxOceanodeConnection.cpp in Sources */,
				C1EEF98E795AFB7BB33F94B1 /* ofxOceanodeConnectionGraphics.cpp in Sources */,
				FE7602E65C7BA676951A37FB /* ofxOceanodeCanvas.cpp in Sources */,
				B05852C620599F7900BE774D /* ps3eye_capi.cpp in Sources */,
				5769B6A6D79188D3D351933E /* ofxOceanodeContainer.cpp in Sources */,
				B0ED0EB520506C080067E155 /* FeedbackFilterNodeBased.cpp in Sources */,
				B7559FEE382DBA7FB094D5E7 /* ofxOceanodeNodeRegistry.cpp in Sources */,
				B0BE82E7205041D200BF57C7 /* ofxObjCPointer.cpp in Sources */,
				EB5B77357A54C0E2DED32C3E /* baseIndexer.cpp in Sources */,
				B05852BD20599D1500BE774D /* VideoGrabberPS3EyeNodeBased.cpp in Sources */,
				656E7EDB27697DE1D6419CD2 /* baseOscillator.cpp in Sources */,
				F11E47B208E163D56E3E2701 /* mapper.cpp in Sources */,
				B008F8AE205C328B00DC510F /* ofxOceanodeBaseController.cpp in Sources */,
				201715816A8E0C2380C6CA9B /* oscillator.cpp in Sources */,
				88B25E219BAC2DF5129EBA2C /* oscillatorBank.cpp in Sources */,
				B0BE82E0205041D200BF57C7 /* VideoFilter.cpp in Sources */,
				B0BE82E6205041D200BF57C7 /* VideoRendererNodeBased.cpp in Sources */,
				017F84499F348651B4CAD515 /* phasorClass.cpp in Sources */,
				4C8024D8DD46223D43C514C0 /* ofxOceanodeNode.cpp in Sources */,
				B0BE82E3205041D200BF57C7 /* VideoGrabberNodeBased.cpp in Sources */,
				B008F8B1205C328B00DC510F /* ofxOceanodePresetsController.cpp in Sources */,
				8EB5677652296BACF3A1C184 /* ofxOceanodeNodeGui.cpp in Sources */,
				B0BE82DE205041D200BF57C7 /* LumaFilterNodeBased.cpp in Sources */,
				4F63EFF3BAACF2B19051E336 /* ofxOceanodeNodeModel.cpp in Sources */,
				B0BE82E4205041D200BF57C7 /* VideoSink.cpp in Sources */,
				1C36947250DCB09A8A375C0C /* ofxXmlPoco.cpp in Sources */,
				B0ED0EB220505B210067E155 /* ranger.cpp in Sources */,
				B0BE82EA2050422600BF57C7 /* VideoBufferNodeBased.cpp in Sources */,
			);
			runOnlyForDeploymentPostprocessing = 0;
		};
/* End PBXSourcesBuildPhase section */

/* Begin PBXTargetDependency section */
		E4EEB9AC138B136A00A80321 /* PBXTargetDependency */ = {
			isa = PBXTargetDependency;
			name = openFrameworks;
			targetProxy = E4EEB9AB138B136A00A80321 /* PBXContainerItemProxy */;
		};
/* End PBXTargetDependency section */

/* Begin XCBuildConfiguration section */
		99FA3DBB1C7456C400CFA0EE /* AppStore */ = {
			isa = XCBuildConfiguration;
			baseConfigurationReference = E4EB6923138AFD0F00A09F29 /* Project.xcconfig */;
			buildSettings = {
				CONFIGURATION_BUILD_DIR = "$(SRCROOT)/bin/";
				COPY_PHASE_STRIP = YES;
				DEAD_CODE_STRIPPING = YES;
				GCC_AUTO_VECTORIZATION = YES;
				GCC_ENABLE_SSE3_EXTENSIONS = YES;
				GCC_ENABLE_SUPPLEMENTAL_SSE3_INSTRUCTIONS = YES;
				GCC_INLINES_ARE_PRIVATE_EXTERN = NO;
				GCC_OPTIMIZATION_LEVEL = 3;
				"GCC_PREPROCESSOR_DEFINITIONS[arch=*]" = "DISTRIBUTION=1";
				GCC_SYMBOLS_PRIVATE_EXTERN = NO;
				GCC_UNROLL_LOOPS = YES;
				GCC_WARN_ABOUT_DEPRECATED_FUNCTIONS = YES;
				GCC_WARN_ABOUT_INVALID_OFFSETOF_MACRO = NO;
				GCC_WARN_ALLOW_INCOMPLETE_PROTOCOL = NO;
				GCC_WARN_UNINITIALIZED_AUTOS = NO;
				GCC_WARN_UNUSED_VALUE = NO;
				GCC_WARN_UNUSED_VARIABLE = NO;
				HEADER_SEARCH_PATHS = (
					"$(OF_CORE_HEADERS)",
					src,
					../../../addons/ofxDatGui_PM/src,
					../../../addons/ofxDatGui_PM/src/components,
					../../../addons/ofxDatGui_PM/src/core,
					../../../addons/ofxDatGui_PM/src/libs,
					../../../addons/ofxDatGui_PM/src/libs/ofxSmartFont,
					../../../addons/ofxDatGui_PM/src/themes,
					../../../addons/ofxOceanode/src,
					../../../addons/ofxOceanode/src/Connections,
					../../../addons/ofxOceanode/src/Managers,
					../../../addons/ofxOceanode/src/Nodes,
					../../../addons/ofxOceanode/src/Nodes/Default_Nodes,
					../../../addons/ofxPoco/libs/poco/include,
					../../../addons/ofxPoco/src,
					../../../addons/ofxPoco/libs/openssl/include,
					../../../addons/ofxPlaymodes/src/grabbers/ps3eye,
				);
				MACOSX_DEPLOYMENT_TARGET = 10.9;
				OTHER_CPLUSPLUSFLAGS = (
					"-D__MACOSX_CORE__",
					"-mtune=native",
				);
				OTHER_LDFLAGS = (
					"$(OF_CORE_FRAMEWORKS)",
					"$(OF_CORE_LIBS)",
					../../../addons/ofxPoco/libs/poco/lib/osx/PocoNetSSL.a,
					../../../addons/ofxPoco/libs/poco/lib/osx/PocoNet.a,
					../../../addons/ofxPoco/libs/poco/lib/osx/PocoCrypto.a,
					../../../addons/ofxPoco/libs/poco/lib/osx/PocoUtil.a,
					../../../addons/ofxPoco/libs/poco/lib/osx/PocoJSON.a,
					../../../addons/ofxPoco/libs/poco/lib/osx/PocoXML.a,
					../../../addons/ofxPoco/libs/poco/lib/osx/PocoFoundation.a,
					../../../addons/ofxPoco/libs/openssl/lib/osx/crypto.a,
					../../../addons/ofxPoco/libs/openssl/lib/osx/ssl.a,
					"../../../addons/ofxPlaymodes/src/grabbers/ps3eye/usb-1.0.0.a",
				);
				SDKROOT = macosx;
			};
			name = AppStore;
		};
		99FA3DBC1C7456C400CFA0EE /* AppStore */ = {
			isa = XCBuildConfiguration;
			baseConfigurationReference = E4EB6923138AFD0F00A09F29 /* Project.xcconfig */;
			buildSettings = {
				COMBINE_HIDPI_IMAGES = YES;
				COPY_PHASE_STRIP = YES;
				FRAMEWORK_SEARCH_PATHS = "$(inherited)";
				GCC_GENERATE_DEBUGGING_SYMBOLS = YES;
				GCC_MODEL_TUNING = NONE;
				"GCC_PREPROCESSOR_DEFINITIONS[arch=*]" = "APPSTORE=1";
				HEADER_SEARCH_PATHS = (
					"$(OF_CORE_HEADERS)",
					src,
					../../../addons/ofxDatGui_PM/src,
					../../../addons/ofxDatGui_PM/src/components,
					../../../addons/ofxDatGui_PM/src/core,
					../../../addons/ofxDatGui_PM/src/libs,
					../../../addons/ofxDatGui_PM/src/libs/ofxSmartFont,
					../../../addons/ofxDatGui_PM/src/themes,
					../../../addons/ofxOceanode/src,
					../../../addons/ofxOceanode/src/Connections,
					../../../addons/ofxOceanode/src/Managers,
					../../../addons/ofxOceanode/src/Nodes,
					../../../addons/ofxOceanode/src/Nodes/Default_Nodes,
					../../../addons/ofxPoco/libs/poco/include,
					../../../addons/ofxPoco/src,
					../../../addons/ofxPoco/libs/openssl/include,
					../../../addons/ofxPlaymodes/src/grabbers/ps3eye,
				);
				ICON = "$(ICON_NAME_RELEASE)";
				ICON_FILE = "$(ICON_FILE_PATH)$(ICON)";
				INFOPLIST_FILE = "openFrameworks-Info.plist";
				INSTALL_PATH = /Applications;
				LIBRARY_SEARCH_PATHS = "$(inherited)";
				OTHER_LDFLAGS = (
					"$(OF_CORE_FRAMEWORKS)",
					"$(OF_CORE_LIBS)",
					../../../addons/ofxPoco/libs/poco/lib/osx/PocoNetSSL.a,
					../../../addons/ofxPoco/libs/poco/lib/osx/PocoNet.a,
					../../../addons/ofxPoco/libs/poco/lib/osx/PocoCrypto.a,
					../../../addons/ofxPoco/libs/poco/lib/osx/PocoUtil.a,
					../../../addons/ofxPoco/libs/poco/lib/osx/PocoJSON.a,
					../../../addons/ofxPoco/libs/poco/lib/osx/PocoXML.a,
					../../../addons/ofxPoco/libs/poco/lib/osx/PocoFoundation.a,
					../../../addons/ofxPoco/libs/openssl/lib/osx/crypto.a,
					../../../addons/ofxPoco/libs/openssl/lib/osx/ssl.a,
					"../../../addons/ofxPlaymodes/src/grabbers/ps3eye/usb-1.0.0.a",
				);
				PRODUCT_NAME = "$(TARGET_NAME)";
				WRAPPER_EXTENSION = app;
				baseConfigurationReference = E4EB6923138AFD0F00A09F29;
			};
			name = AppStore;
		};
		E4B69B4E0A3A1720003C02F2 /* Debug */ = {
			isa = XCBuildConfiguration;
			baseConfigurationReference = E4EB6923138AFD0F00A09F29 /* Project.xcconfig */;
			buildSettings = {
				CONFIGURATION_BUILD_DIR = "$(SRCROOT)/bin/";
				COPY_PHASE_STRIP = NO;
				DEAD_CODE_STRIPPING = YES;
				GCC_AUTO_VECTORIZATION = YES;
				GCC_ENABLE_SSE3_EXTENSIONS = YES;
				GCC_ENABLE_SUPPLEMENTAL_SSE3_INSTRUCTIONS = YES;
				GCC_INLINES_ARE_PRIVATE_EXTERN = NO;
				GCC_OPTIMIZATION_LEVEL = 0;
				GCC_SYMBOLS_PRIVATE_EXTERN = NO;
				GCC_WARN_ABOUT_DEPRECATED_FUNCTIONS = YES;
				GCC_WARN_ABOUT_INVALID_OFFSETOF_MACRO = NO;
				GCC_WARN_ALLOW_INCOMPLETE_PROTOCOL = NO;
				GCC_WARN_UNINITIALIZED_AUTOS = NO;
				GCC_WARN_UNUSED_VALUE = NO;
				GCC_WARN_UNUSED_VARIABLE = NO;
				HEADER_SEARCH_PATHS = (
					"$(OF_CORE_HEADERS)",
					src,
					../../../addons/ofxDatGui_PM/src,
					../../../addons/ofxDatGui_PM/src/components,
					../../../addons/ofxDatGui_PM/src/core,
					../../../addons/ofxDatGui_PM/src/libs,
					../../../addons/ofxDatGui_PM/src/libs/ofxSmartFont,
					../../../addons/ofxDatGui_PM/src/themes,
					../../../addons/ofxOceanode/src,
					../../../addons/ofxOceanode/src/Connections,
					../../../addons/ofxOceanode/src/Managers,
					../../../addons/ofxOceanode/src/Nodes,
					../../../addons/ofxOceanode/src/Nodes/Default_Nodes,
					../../../addons/ofxPoco/libs/poco/include,
					../../../addons/ofxPoco/src,
					../../../addons/ofxPoco/libs/openssl/include,
					../../../addons/ofxPlaymodes/src/grabbers/ps3eye,
				);
				MACOSX_DEPLOYMENT_TARGET = 10.9;
				ONLY_ACTIVE_ARCH = YES;
				OTHER_CPLUSPLUSFLAGS = (
					"-D__MACOSX_CORE__",
					"-mtune=native",
				);
				OTHER_LDFLAGS = (
					"$(OF_CORE_FRAMEWORKS)",
					"$(OF_CORE_LIBS)",
					../../../addons/ofxPoco/libs/poco/lib/osx/PocoNetSSL.a,
					../../../addons/ofxPoco/libs/poco/lib/osx/PocoNet.a,
					../../../addons/ofxPoco/libs/poco/lib/osx/PocoCrypto.a,
					../../../addons/ofxPoco/libs/poco/lib/osx/PocoUtil.a,
					../../../addons/ofxPoco/libs/poco/lib/osx/PocoJSON.a,
					../../../addons/ofxPoco/libs/poco/lib/osx/PocoXML.a,
					../../../addons/ofxPoco/libs/poco/lib/osx/PocoFoundation.a,
					../../../addons/ofxPoco/libs/openssl/lib/osx/crypto.a,
					../../../addons/ofxPoco/libs/openssl/lib/osx/ssl.a,
					"../../../addons/ofxPlaymodes/src/grabbers/ps3eye/usb-1.0.0.a",
				);
				SDKROOT = macosx;
			};
			name = Debug;
		};
		E4B69B4F0A3A1720003C02F2 /* Release */ = {
			isa = XCBuildConfiguration;
			baseConfigurationReference = E4EB6923138AFD0F00A09F29 /* Project.xcconfig */;
			buildSettings = {
				CONFIGURATION_BUILD_DIR = "$(SRCROOT)/bin/";
				COPY_PHASE_STRIP = YES;
				DEAD_CODE_STRIPPING = YES;
				GCC_AUTO_VECTORIZATION = YES;
				GCC_ENABLE_SSE3_EXTENSIONS = YES;
				GCC_ENABLE_SUPPLEMENTAL_SSE3_INSTRUCTIONS = YES;
				GCC_INLINES_ARE_PRIVATE_EXTERN = NO;
				GCC_OPTIMIZATION_LEVEL = 3;
				GCC_SYMBOLS_PRIVATE_EXTERN = NO;
				GCC_UNROLL_LOOPS = YES;
				GCC_WARN_ABOUT_DEPRECATED_FUNCTIONS = YES;
				GCC_WARN_ABOUT_INVALID_OFFSETOF_MACRO = NO;
				GCC_WARN_ALLOW_INCOMPLETE_PROTOCOL = NO;
				GCC_WARN_UNINITIALIZED_AUTOS = NO;
				GCC_WARN_UNUSED_VALUE = NO;
				GCC_WARN_UNUSED_VARIABLE = NO;
				HEADER_SEARCH_PATHS = (
					"$(OF_CORE_HEADERS)",
					src,
					../../../addons/ofxDatGui_PM/src,
					../../../addons/ofxDatGui_PM/src/components,
					../../../addons/ofxDatGui_PM/src/core,
					../../../addons/ofxDatGui_PM/src/libs,
					../../../addons/ofxDatGui_PM/src/libs/ofxSmartFont,
					../../../addons/ofxDatGui_PM/src/themes,
					../../../addons/ofxOceanode/src,
					../../../addons/ofxOceanode/src/Connections,
					../../../addons/ofxOceanode/src/Managers,
					../../../addons/ofxOceanode/src/Nodes,
					../../../addons/ofxOceanode/src/Nodes/Default_Nodes,
					../../../addons/ofxPoco/libs/poco/include,
					../../../addons/ofxPoco/src,
					../../../addons/ofxPoco/libs/openssl/include,
					../../../addons/ofxPlaymodes/src/grabbers/ps3eye,
				);
				MACOSX_DEPLOYMENT_TARGET = 10.9;
				OTHER_CPLUSPLUSFLAGS = (
					"-D__MACOSX_CORE__",
					"-mtune=native",
				);
				OTHER_LDFLAGS = (
					"$(OF_CORE_FRAMEWORKS)",
					"$(OF_CORE_LIBS)",
					../../../addons/ofxPoco/libs/poco/lib/osx/PocoNetSSL.a,
					../../../addons/ofxPoco/libs/poco/lib/osx/PocoNet.a,
					../../../addons/ofxPoco/libs/poco/lib/osx/PocoCrypto.a,
					../../../addons/ofxPoco/libs/poco/lib/osx/PocoUtil.a,
					../../../addons/ofxPoco/libs/poco/lib/osx/PocoJSON.a,
					../../../addons/ofxPoco/libs/poco/lib/osx/PocoXML.a,
					../../../addons/ofxPoco/libs/poco/lib/osx/PocoFoundation.a,
					../../../addons/ofxPoco/libs/openssl/lib/osx/crypto.a,
					../../../addons/ofxPoco/libs/openssl/lib/osx/ssl.a,
					"../../../addons/ofxPlaymodes/src/grabbers/ps3eye/usb-1.0.0.a",
				);
				SDKROOT = macosx;
			};
			name = Release;
		};
		E4B69B600A3A1757003C02F2 /* Debug */ = {
			isa = XCBuildConfiguration;
			baseConfigurationReference = E4EB6923138AFD0F00A09F29 /* Project.xcconfig */;
			buildSettings = {
				COMBINE_HIDPI_IMAGES = YES;
				COPY_PHASE_STRIP = NO;
				FRAMEWORK_SEARCH_PATHS = "$(inherited)";
				GCC_DYNAMIC_NO_PIC = NO;
				GCC_GENERATE_DEBUGGING_SYMBOLS = YES;
				GCC_MODEL_TUNING = NONE;
				HEADER_SEARCH_PATHS = (
					"$(OF_CORE_HEADERS)",
					src,
					../../../addons/ofxDatGui_PM/src,
					../../../addons/ofxDatGui_PM/src/components,
					../../../addons/ofxDatGui_PM/src/core,
					../../../addons/ofxDatGui_PM/src/libs,
					../../../addons/ofxDatGui_PM/src/libs/ofxSmartFont,
					../../../addons/ofxDatGui_PM/src/themes,
					../../../addons/ofxOceanode/src,
					../../../addons/ofxOceanode/src/Connections,
					../../../addons/ofxOceanode/src/Managers,
					../../../addons/ofxOceanode/src/Nodes,
					../../../addons/ofxOceanode/src/Nodes/Default_Nodes,
					../../../addons/ofxPoco/libs/poco/include,
					../../../addons/ofxPoco/src,
					../../../addons/ofxPoco/libs/openssl/include,
					../../../addons/ofxPlaymodes/src/grabbers/ps3eye,
				);
				ICON = "$(ICON_NAME_DEBUG)";
				ICON_FILE = "$(ICON_FILE_PATH)$(ICON)";
				INFOPLIST_FILE = "openFrameworks-Info.plist";
				INSTALL_PATH = /Applications;
				LIBRARY_SEARCH_PATHS = "$(inherited)";
				OTHER_LDFLAGS = (
					"$(OF_CORE_FRAMEWORKS)",
					"$(OF_CORE_LIBS)",
					../../../addons/ofxPoco/libs/poco/lib/osx/PocoNetSSL.a,
					../../../addons/ofxPoco/libs/poco/lib/osx/PocoNet.a,
					../../../addons/ofxPoco/libs/poco/lib/osx/PocoCrypto.a,
					../../../addons/ofxPoco/libs/poco/lib/osx/PocoUtil.a,
					../../../addons/ofxPoco/libs/poco/lib/osx/PocoJSON.a,
					../../../addons/ofxPoco/libs/poco/lib/osx/PocoXML.a,
					../../../addons/ofxPoco/libs/poco/lib/osx/PocoFoundation.a,
					../../../addons/ofxPoco/libs/openssl/lib/osx/crypto.a,
					../../../addons/ofxPoco/libs/openssl/lib/osx/ssl.a,
					"../../../addons/ofxPlaymodes/src/grabbers/ps3eye/usb-1.0.0.a",
				);
				PRODUCT_NAME = "$(TARGET_NAME)Debug";
				WRAPPER_EXTENSION = app;
			};
			name = Debug;
		};
		E4B69B610A3A1757003C02F2 /* Release */ = {
			isa = XCBuildConfiguration;
			baseConfigurationReference = E4EB6923138AFD0F00A09F29 /* Project.xcconfig */;
			buildSettings = {
				COMBINE_HIDPI_IMAGES = YES;
				COPY_PHASE_STRIP = YES;
				FRAMEWORK_SEARCH_PATHS = "$(inherited)";
				GCC_GENERATE_DEBUGGING_SYMBOLS = YES;
				GCC_MODEL_TUNING = NONE;
				HEADER_SEARCH_PATHS = (
					"$(OF_CORE_HEADERS)",
					src,
					../../../addons/ofxDatGui_PM/src,
					../../../addons/ofxDatGui_PM/src/components,
					../../../addons/ofxDatGui_PM/src/core,
					../../../addons/ofxDatGui_PM/src/libs,
					../../../addons/ofxDatGui_PM/src/libs/ofxSmartFont,
					../../../addons/ofxDatGui_PM/src/themes,
					../../../addons/ofxOceanode/src,
					../../../addons/ofxOceanode/src/Connections,
					../../../addons/ofxOceanode/src/Managers,
					../../../addons/ofxOceanode/src/Nodes,
					../../../addons/ofxOceanode/src/Nodes/Default_Nodes,
					../../../addons/ofxPoco/libs/poco/include,
					../../../addons/ofxPoco/src,
					../../../addons/ofxPoco/libs/openssl/include,
					../../../addons/ofxPlaymodes/src/grabbers/ps3eye,
				);
				ICON = "$(ICON_NAME_RELEASE)";
				ICON_FILE = "$(ICON_FILE_PATH)$(ICON)";
				INFOPLIST_FILE = "openFrameworks-Info.plist";
				INSTALL_PATH = /Applications;
				LIBRARY_SEARCH_PATHS = "$(inherited)";
				OTHER_LDFLAGS = (
					"$(OF_CORE_FRAMEWORKS)",
					"$(OF_CORE_LIBS)",
					../../../addons/ofxPoco/libs/poco/lib/osx/PocoNetSSL.a,
					../../../addons/ofxPoco/libs/poco/lib/osx/PocoNet.a,
					../../../addons/ofxPoco/libs/poco/lib/osx/PocoCrypto.a,
					../../../addons/ofxPoco/libs/poco/lib/osx/PocoUtil.a,
					../../../addons/ofxPoco/libs/poco/lib/osx/PocoJSON.a,
					../../../addons/ofxPoco/libs/poco/lib/osx/PocoXML.a,
					../../../addons/ofxPoco/libs/poco/lib/osx/PocoFoundation.a,
					../../../addons/ofxPoco/libs/openssl/lib/osx/crypto.a,
					../../../addons/ofxPoco/libs/openssl/lib/osx/ssl.a,
					"../../../addons/ofxPlaymodes/src/grabbers/ps3eye/usb-1.0.0.a",
				);
				PRODUCT_NAME = "$(TARGET_NAME)";
				WRAPPER_EXTENSION = app;
				baseConfigurationReference = E4EB6923138AFD0F00A09F29;
			};
			name = Release;
		};
/* End XCBuildConfiguration section */

/* Begin XCConfigurationList section */
		E4B69B4D0A3A1720003C02F2 /* Build configuration list for PBXProject "VJYourself_OCEAN" */ = {
			isa = XCConfigurationList;
			buildConfigurations = (
				E4B69B4E0A3A1720003C02F2 /* Debug */,
				E4B69B4F0A3A1720003C02F2 /* Release */,
				99FA3DBB1C7456C400CFA0EE /* AppStore */,
			);
			defaultConfigurationIsVisible = 0;
			defaultConfigurationName = Release;
		};
		E4B69B5F0A3A1757003C02F2 /* Build configuration list for PBXNativeTarget "VJYourself_OCEAN" */ = {
			isa = XCConfigurationList;
			buildConfigurations = (
				E4B69B600A3A1757003C02F2 /* Debug */,
				E4B69B610A3A1757003C02F2 /* Release */,
				99FA3DBC1C7456C400CFA0EE /* AppStore */,
			);
			defaultConfigurationIsVisible = 0;
			defaultConfigurationName = Release;
		};
/* End XCConfigurationList section */
	};
	rootObject = E4B69B4C0A3A1720003C02F2 /* Project object */;
}
